// !$*UTF8*$!
{
	archiveVersion = 1;
	classes = {
	};
	objectVersion = 46;
	objects = {

/* Begin PBXBuildFile section */
		1D94C37A1B0040C700CCE2B1 /* SettingTableViewController.swift in Sources */ = {isa = PBXBuildFile; fileRef = 1D94C3791B0040C700CCE2B1 /* SettingTableViewController.swift */; };
		1D94C37C1B01B9EE00CCE2B1 /* HistoryTableViewCell.swift in Sources */ = {isa = PBXBuildFile; fileRef = 1D94C37B1B01B9EE00CCE2B1 /* HistoryTableViewCell.swift */; };
		1D94C37E1B02127F00CCE2B1 /* avaNavigationViewController.swift in Sources */ = {isa = PBXBuildFile; fileRef = 1D94C37D1B02127F00CCE2B1 /* avaNavigationViewController.swift */; };
		1DA648F11AFB308500970B76 /* uselessCodes.swift in Sources */ = {isa = PBXBuildFile; fileRef = 1DA648F01AFB308500970B76 /* uselessCodes.swift */; };
		1DAA0EFF1B09DE0500808AA3 /* bonus_bg.png in Resources */ = {isa = PBXBuildFile; fileRef = 1DAA0E691B09DE0500808AA3 /* bonus_bg.png */; };
		1DAA0F001B09DE0500808AA3 /* bonus_box_a_dimed.png in Resources */ = {isa = PBXBuildFile; fileRef = 1DAA0E6A1B09DE0500808AA3 /* bonus_box_a_dimed.png */; };
		1DAA0F011B09DE0500808AA3 /* bonus_box_a_normal.png in Resources */ = {isa = PBXBuildFile; fileRef = 1DAA0E6B1B09DE0500808AA3 /* bonus_box_a_normal.png */; };
		1DAA0F021B09DE0500808AA3 /* bonus_box_a_pressed.png in Resources */ = {isa = PBXBuildFile; fileRef = 1DAA0E6C1B09DE0500808AA3 /* bonus_box_a_pressed.png */; };
		1DAA0F031B09DE0500808AA3 /* bonus_box_b_dimed.png in Resources */ = {isa = PBXBuildFile; fileRef = 1DAA0E6D1B09DE0500808AA3 /* bonus_box_b_dimed.png */; };
		1DAA0F041B09DE0500808AA3 /* bonus_box_b_normal.png in Resources */ = {isa = PBXBuildFile; fileRef = 1DAA0E6E1B09DE0500808AA3 /* bonus_box_b_normal.png */; };
		1DAA0F051B09DE0500808AA3 /* bonus_box_b_pressed.png in Resources */ = {isa = PBXBuildFile; fileRef = 1DAA0E6F1B09DE0500808AA3 /* bonus_box_b_pressed.png */; };
		1DAA0F061B09DE0500808AA3 /* bonus_box_c_dimed.png in Resources */ = {isa = PBXBuildFile; fileRef = 1DAA0E701B09DE0500808AA3 /* bonus_box_c_dimed.png */; };
		1DAA0F071B09DE0500808AA3 /* bonus_box_c_normal.png in Resources */ = {isa = PBXBuildFile; fileRef = 1DAA0E711B09DE0500808AA3 /* bonus_box_c_normal.png */; };
		1DAA0F081B09DE0500808AA3 /* bonus_box_c_pressed.png in Resources */ = {isa = PBXBuildFile; fileRef = 1DAA0E721B09DE0500808AA3 /* bonus_box_c_pressed.png */; };
		1DAA0F091B09DE0500808AA3 /* bonus_item_dimed.png in Resources */ = {isa = PBXBuildFile; fileRef = 1DAA0E731B09DE0500808AA3 /* bonus_item_dimed.png */; };
		1DAA0F0A1B09DE0500808AA3 /* bonus_item_light_effect1.png in Resources */ = {isa = PBXBuildFile; fileRef = 1DAA0E741B09DE0500808AA3 /* bonus_item_light_effect1.png */; };
		1DAA0F0B1B09DE0500808AA3 /* bonus_item_light_effect2.png in Resources */ = {isa = PBXBuildFile; fileRef = 1DAA0E751B09DE0500808AA3 /* bonus_item_light_effect2.png */; };
		1DAA0F0C1B09DE0500808AA3 /* bonus_item_line_effect.png in Resources */ = {isa = PBXBuildFile; fileRef = 1DAA0E761B09DE0500808AA3 /* bonus_item_line_effect.png */; };
		1DAA0F0D1B09DE0500808AA3 /* bonus_main_title.png in Resources */ = {isa = PBXBuildFile; fileRef = 1DAA0E771B09DE0500808AA3 /* bonus_main_title.png */; };
		1DAA0F0E1B09DE0500808AA3 /* bonus_sub_title.png in Resources */ = {isa = PBXBuildFile; fileRef = 1DAA0E781B09DE0500808AA3 /* bonus_sub_title.png */; };
		1DAA0F0F1B09DE0500808AA3 /* bonus_sub_title_complete.png in Resources */ = {isa = PBXBuildFile; fileRef = 1DAA0E791B09DE0500808AA3 /* bonus_sub_title_complete.png */; };
		1DAA0F101B09DE0500808AA3 /* common_new.png in Resources */ = {isa = PBXBuildFile; fileRef = 1DAA0E7A1B09DE0500808AA3 /* common_new.png */; };
		1DAA0F111B09DE0500808AA3 /* getlist_more.png in Resources */ = {isa = PBXBuildFile; fileRef = 1DAA0E7B1B09DE0500808AA3 /* getlist_more.png */; };
		1DAA0F121B09DE0500808AA3 /* getlist_nodata_img.png in Resources */ = {isa = PBXBuildFile; fileRef = 1DAA0E7C1B09DE0500808AA3 /* getlist_nodata_img.png */; };
		1DAA0F131B09DE0500808AA3 /* getlist_nodata_txt.png in Resources */ = {isa = PBXBuildFile; fileRef = 1DAA0E7D1B09DE0500808AA3 /* getlist_nodata_txt.png */; };
		1DAA0F141B09DE0500808AA3 /* getlist_tap_date.png in Resources */ = {isa = PBXBuildFile; fileRef = 1DAA0E7E1B09DE0500808AA3 /* getlist_tap_date.png */; };
		1DAA0F151B09DE0500808AA3 /* getlist_tap_getitem.png in Resources */ = {isa = PBXBuildFile; fileRef = 1DAA0E7F1B09DE0500808AA3 /* getlist_tap_getitem.png */; };
		1DAA0F161B09DE0500808AA3 /* getlist_tap_type.png in Resources */ = {isa = PBXBuildFile; fileRef = 1DAA0E801B09DE0500808AA3 /* getlist_tap_type.png */; };
		1DAA0F171B09DE0500808AA3 /* ic_launcher 2.png in Resources */ = {isa = PBXBuildFile; fileRef = 1DAA0E811B09DE0500808AA3 /* ic_launcher 2.png */; };
		1DAA0F181B09DE0500808AA3 /* ic_launcher.png in Resources */ = {isa = PBXBuildFile; fileRef = 1DAA0E821B09DE0500808AA3 /* ic_launcher.png */; };
		1DAA0F191B09DE0500808AA3 /* activity_bonus.xml in Resources */ = {isa = PBXBuildFile; fileRef = 1DAA0E841B09DE0500808AA3 /* activity_bonus.xml */; };
		1DAA0F1A1B09DE0500808AA3 /* activity_main.xml in Resources */ = {isa = PBXBuildFile; fileRef = 1DAA0E851B09DE0500808AA3 /* activity_main.xml */; };
		1DAA0F1B1B09DE0500808AA3 /* activity_menu.xml in Resources */ = {isa = PBXBuildFile; fileRef = 1DAA0E861B09DE0500808AA3 /* activity_menu.xml */; };
		1DAA0F1C1B09DE0500808AA3 /* activity_popup.xml in Resources */ = {isa = PBXBuildFile; fileRef = 1DAA0E871B09DE0500808AA3 /* activity_popup.xml */; };
		1DAA0F1D1B09DE0500808AA3 /* activity_splash.xml in Resources */ = {isa = PBXBuildFile; fileRef = 1DAA0E881B09DE0500808AA3 /* activity_splash.xml */; };
		1DAA0F1E1B09DE0500808AA3 /* activity_title.xml in Resources */ = {isa = PBXBuildFile; fileRef = 1DAA0E891B09DE0500808AA3 /* activity_title.xml */; };
		1DAA0F1F1B09DE0500808AA3 /* fragment_getlist.xml in Resources */ = {isa = PBXBuildFile; fileRef = 1DAA0E8A1B09DE0500808AA3 /* fragment_getlist.xml */; };
		1DAA0F201B09DE0500808AA3 /* fragment_itemget.xml in Resources */ = {isa = PBXBuildFile; fileRef = 1DAA0E8B1B09DE0500808AA3 /* fragment_itemget.xml */; };
		1DAA0F211B09DE0500808AA3 /* fragment_login.xml in Resources */ = {isa = PBXBuildFile; fileRef = 1DAA0E8C1B09DE0500808AA3 /* fragment_login.xml */; };
		1DAA0F221B09DE0500808AA3 /* fragment_news.xml in Resources */ = {isa = PBXBuildFile; fileRef = 1DAA0E8D1B09DE0500808AA3 /* fragment_news.xml */; };
		1DAA0F231B09DE0500808AA3 /* fragment_setting.xml in Resources */ = {isa = PBXBuildFile; fileRef = 1DAA0E8E1B09DE0500808AA3 /* fragment_setting.xml */; };
		1DAA0F241B09DE0500808AA3 /* fragment_tutorial1.xml in Resources */ = {isa = PBXBuildFile; fileRef = 1DAA0E8F1B09DE0500808AA3 /* fragment_tutorial1.xml */; };
		1DAA0F251B09DE0500808AA3 /* fragment_tutorial2.xml in Resources */ = {isa = PBXBuildFile; fileRef = 1DAA0E901B09DE0500808AA3 /* fragment_tutorial2.xml */; };
		1DAA0F261B09DE0500808AA3 /* fragment_tutorial3.xml in Resources */ = {isa = PBXBuildFile; fileRef = 1DAA0E911B09DE0500808AA3 /* fragment_tutorial3.xml */; };
		1DAA0F271B09DE0500808AA3 /* list_item_getlist_view.xml in Resources */ = {isa = PBXBuildFile; fileRef = 1DAA0E921B09DE0500808AA3 /* list_item_getlist_view.xml */; };
		1DAA0F281B09DE0500808AA3 /* list_item_getlist_view_more.xml in Resources */ = {isa = PBXBuildFile; fileRef = 1DAA0E931B09DE0500808AA3 /* list_item_getlist_view_more.xml */; };
		1DAA0F291B09DE0500808AA3 /* list_item_news_view.xml in Resources */ = {isa = PBXBuildFile; fileRef = 1DAA0E941B09DE0500808AA3 /* list_item_news_view.xml */; };
		1DAA0F2A1B09DE0500808AA3 /* main_tutorial_view.xml in Resources */ = {isa = PBXBuildFile; fileRef = 1DAA0E951B09DE0500808AA3 /* main_tutorial_view.xml */; };
		1DAA0F2B1B09DE0500808AA3 /* spinner_dropdown_news_item.xml in Resources */ = {isa = PBXBuildFile; fileRef = 1DAA0E961B09DE0500808AA3 /* spinner_dropdown_news_item.xml */; };
		1DAA0F2C1B09DE0500808AA3 /* spinner_news_item.xml in Resources */ = {isa = PBXBuildFile; fileRef = 1DAA0E971B09DE0500808AA3 /* spinner_news_item.xml */; };
		1DAA0F2D1B09DE0500808AA3 /* login_btn_close.png in Resources */ = {isa = PBXBuildFile; fileRef = 1DAA0E981B09DE0500808AA3 /* login_btn_close.png */; };
		1DAA0F2E1B09DE0500808AA3 /* login_btn_idfind.png in Resources */ = {isa = PBXBuildFile; fileRef = 1DAA0E991B09DE0500808AA3 /* login_btn_idfind.png */; };
		1DAA0F2F1B09DE0500808AA3 /* login_btn_login.png in Resources */ = {isa = PBXBuildFile; fileRef = 1DAA0E9A1B09DE0500808AA3 /* login_btn_login.png */; };
		1DAA0F301B09DE0500808AA3 /* login_btn_pmangjoin.png in Resources */ = {isa = PBXBuildFile; fileRef = 1DAA0E9B1B09DE0500808AA3 /* login_btn_pmangjoin.png */; };
		1DAA0F311B09DE0500808AA3 /* login_btn_pwfind.png in Resources */ = {isa = PBXBuildFile; fileRef = 1DAA0E9C1B09DE0500808AA3 /* login_btn_pwfind.png */; };
		1DAA0F321B09DE0500808AA3 /* login_checkbox_alarm_off.png in Resources */ = {isa = PBXBuildFile; fileRef = 1DAA0E9D1B09DE0500808AA3 /* login_checkbox_alarm_off.png */; };
		1DAA0F331B09DE0500808AA3 /* login_checkbox_alarm_on.png in Resources */ = {isa = PBXBuildFile; fileRef = 1DAA0E9E1B09DE0500808AA3 /* login_checkbox_alarm_on.png */; };
		1DAA0F341B09DE0500808AA3 /* login_checkbox_autologin_off.png in Resources */ = {isa = PBXBuildFile; fileRef = 1DAA0E9F1B09DE0500808AA3 /* login_checkbox_autologin_off.png */; };
		1DAA0F351B09DE0500808AA3 /* login_checkbox_autologin_on.png in Resources */ = {isa = PBXBuildFile; fileRef = 1DAA0EA01B09DE0500808AA3 /* login_checkbox_autologin_on.png */; };
		1DAA0F361B09DE0500808AA3 /* login_checkbox_off.png in Resources */ = {isa = PBXBuildFile; fileRef = 1DAA0EA11B09DE0500808AA3 /* login_checkbox_off.png */; };
		1DAA0F371B09DE0500808AA3 /* login_checkbox_on.png in Resources */ = {isa = PBXBuildFile; fileRef = 1DAA0EA21B09DE0500808AA3 /* login_checkbox_on.png */; };
		1DAA0F381B09DE0500808AA3 /* login_checkbox_terms_off.png in Resources */ = {isa = PBXBuildFile; fileRef = 1DAA0EA31B09DE0500808AA3 /* login_checkbox_terms_off.png */; };
		1DAA0F391B09DE0500808AA3 /* login_checkbox_terms_on.png in Resources */ = {isa = PBXBuildFile; fileRef = 1DAA0EA41B09DE0500808AA3 /* login_checkbox_terms_on.png */; };
		1DAA0F3A1B09DE0500808AA3 /* login_input_bg.png in Resources */ = {isa = PBXBuildFile; fileRef = 1DAA0EA51B09DE0500808AA3 /* login_input_bg.png */; };
		1DAA0F3B1B09DE0500808AA3 /* login_input_id_txt.png in Resources */ = {isa = PBXBuildFile; fileRef = 1DAA0EA61B09DE0500808AA3 /* login_input_id_txt.png */; };
		1DAA0F3C1B09DE0500808AA3 /* login_input_pw_txt.png in Resources */ = {isa = PBXBuildFile; fileRef = 1DAA0EA71B09DE0500808AA3 /* login_input_pw_txt.png */; };
		1DAA0F3D1B09DE0500808AA3 /* login_terms_btn.png in Resources */ = {isa = PBXBuildFile; fileRef = 1DAA0EA81B09DE0500808AA3 /* login_terms_btn.png */; };
		1DAA0F3E1B09DE0500808AA3 /* login_terms_txt.png in Resources */ = {isa = PBXBuildFile; fileRef = 1DAA0EA91B09DE0500808AA3 /* login_terms_txt.png */; };
		1DAA0F3F1B09DE0500808AA3 /* login_title.png in Resources */ = {isa = PBXBuildFile; fileRef = 1DAA0EAA1B09DE0500808AA3 /* login_title.png */; };
		1DAA0F401B09DE0500808AA3 /* main_background.png in Resources */ = {isa = PBXBuildFile; fileRef = 1DAA0EAB1B09DE0500808AA3 /* main_background.png */; };
		1DAA0F411B09DE0500808AA3 /* main_bonus_arrow_off.png in Resources */ = {isa = PBXBuildFile; fileRef = 1DAA0EAC1B09DE0500808AA3 /* main_bonus_arrow_off.png */; };
		1DAA0F421B09DE0500808AA3 /* main_bonus_arrow_on.png in Resources */ = {isa = PBXBuildFile; fileRef = 1DAA0EAD1B09DE0500808AA3 /* main_bonus_arrow_on.png */; };
		1DAA0F431B09DE0500808AA3 /* main_bonus_desc.png in Resources */ = {isa = PBXBuildFile; fileRef = 1DAA0EAE1B09DE0500808AA3 /* main_bonus_desc.png */; };
		1DAA0F441B09DE0500808AA3 /* main_bonus_icon_off.png in Resources */ = {isa = PBXBuildFile; fileRef = 1DAA0EAF1B09DE0500808AA3 /* main_bonus_icon_off.png */; };
		1DAA0F451B09DE0500808AA3 /* main_bonus_icon_on.png in Resources */ = {isa = PBXBuildFile; fileRef = 1DAA0EB01B09DE0500808AA3 /* main_bonus_icon_on.png */; };
		1DAA0F461B09DE0500808AA3 /* main_bonus_title.png in Resources */ = {isa = PBXBuildFile; fileRef = 1DAA0EB11B09DE0500808AA3 /* main_bonus_title.png */; };
		1DAA0F471B09DE0500808AA3 /* main_bonus_today_icon_off.png in Resources */ = {isa = PBXBuildFile; fileRef = 1DAA0EB21B09DE0500808AA3 /* main_bonus_today_icon_off.png */; };
		1DAA0F481B09DE0500808AA3 /* main_bonus_today_icon_on.png in Resources */ = {isa = PBXBuildFile; fileRef = 1DAA0EB31B09DE0500808AA3 /* main_bonus_today_icon_on.png */; };
		1DAA0F491B09DE0500808AA3 /* main_item_back_bg.png in Resources */ = {isa = PBXBuildFile; fileRef = 1DAA0EB41B09DE0500808AA3 /* main_item_back_bg.png */; };
		1DAA0F4A1B09DE0500808AA3 /* main_item_bg.png in Resources */ = {isa = PBXBuildFile; fileRef = 1DAA0EB51B09DE0500808AA3 /* main_item_bg.png */; };
		1DAA0F4B1B09DE0500808AA3 /* main_item_bt_bg_normal.png in Resources */ = {isa = PBXBuildFile; fileRef = 1DAA0EB61B09DE0500808AA3 /* main_item_bt_bg_normal.png */; };
		1DAA0F4C1B09DE0500808AA3 /* main_item_bt_bg_pressed.png in Resources */ = {isa = PBXBuildFile; fileRef = 1DAA0EB71B09DE0500808AA3 /* main_item_bt_bg_pressed.png */; };
		1DAA0F4D1B09DE0500808AA3 /* main_item_effect_glow.png in Resources */ = {isa = PBXBuildFile; fileRef = 1DAA0EB81B09DE0500808AA3 /* main_item_effect_glow.png */; };
		1DAA0F4E1B09DE0500808AA3 /* main_item_effect_light.png in Resources */ = {isa = PBXBuildFile; fileRef = 1DAA0EB91B09DE0500808AA3 /* main_item_effect_light.png */; };
		1DAA0F4F1B09DE0500808AA3 /* main_item_effect_star.png in Resources */ = {isa = PBXBuildFile; fileRef = 1DAA0EBA1B09DE0500808AA3 /* main_item_effect_star.png */; };
		1DAA0F501B09DE0500808AA3 /* main_item_front_bg.png in Resources */ = {isa = PBXBuildFile; fileRef = 1DAA0EBB1B09DE0500808AA3 /* main_item_front_bg.png */; };
		1DAA0F511B09DE0500808AA3 /* main_item_sample.png in Resources */ = {isa = PBXBuildFile; fileRef = 1DAA0EBC1B09DE0500808AA3 /* main_item_sample.png */; };
		1DAA0F521B09DE0500808AA3 /* main_log_nocharacter.png in Resources */ = {isa = PBXBuildFile; fileRef = 1DAA0EBD1B09DE0500808AA3 /* main_log_nocharacter.png */; };
		1DAA0F531B09DE0500808AA3 /* main_log_out.png in Resources */ = {isa = PBXBuildFile; fileRef = 1DAA0EBE1B09DE0500808AA3 /* main_log_out.png */; };
		1DAA0F541B09DE0500808AA3 /* main_log_rewardcomplete.png in Resources */ = {isa = PBXBuildFile; fileRef = 1DAA0EBF1B09DE0500808AA3 /* main_log_rewardcomplete.png */; };
		1DAA0F551B09DE0500808AA3 /* main_log_rewardget.png in Resources */ = {isa = PBXBuildFile; fileRef = 1DAA0EC01B09DE0500808AA3 /* main_log_rewardget.png */; };
		1DAA0F561B09DE0500808AA3 /* menu_01_normal.png in Resources */ = {isa = PBXBuildFile; fileRef = 1DAA0EC11B09DE0500808AA3 /* menu_01_normal.png */; };
		1DAA0F571B09DE0500808AA3 /* menu_01_pressed.png in Resources */ = {isa = PBXBuildFile; fileRef = 1DAA0EC21B09DE0500808AA3 /* menu_01_pressed.png */; };
		1DAA0F581B09DE0500808AA3 /* menu_02_normal.png in Resources */ = {isa = PBXBuildFile; fileRef = 1DAA0EC31B09DE0500808AA3 /* menu_02_normal.png */; };
		1DAA0F591B09DE0500808AA3 /* menu_02_pressed.png in Resources */ = {isa = PBXBuildFile; fileRef = 1DAA0EC41B09DE0500808AA3 /* menu_02_pressed.png */; };
		1DAA0F5A1B09DE0500808AA3 /* menu_03_normal.png in Resources */ = {isa = PBXBuildFile; fileRef = 1DAA0EC51B09DE0500808AA3 /* menu_03_normal.png */; };
		1DAA0F5B1B09DE0500808AA3 /* menu_03_pressed.png in Resources */ = {isa = PBXBuildFile; fileRef = 1DAA0EC61B09DE0500808AA3 /* menu_03_pressed.png */; };
		1DAA0F5C1B09DE0500808AA3 /* menu_bg.png in Resources */ = {isa = PBXBuildFile; fileRef = 1DAA0EC71B09DE0500808AA3 /* menu_bg.png */; };
		1DAA0F5D1B09DE0500808AA3 /* menu_item_bg_pressed.png in Resources */ = {isa = PBXBuildFile; fileRef = 1DAA0EC81B09DE0500808AA3 /* menu_item_bg_pressed.png */; };
		1DAA0F5E1B09DE0500808AA3 /* news_btn_all_news_delete.png in Resources */ = {isa = PBXBuildFile; fileRef = 1DAA0EC91B09DE0500808AA3 /* news_btn_all_news_delete.png */; };
		1DAA0F5F1B09DE0500808AA3 /* news_btn_more.png in Resources */ = {isa = PBXBuildFile; fileRef = 1DAA0ECA1B09DE0500808AA3 /* news_btn_more.png */; };
		1DAA0F601B09DE0500808AA3 /* news_btn_news_delete.png in Resources */ = {isa = PBXBuildFile; fileRef = 1DAA0ECB1B09DE0500808AA3 /* news_btn_news_delete.png */; };
		1DAA0F611B09DE0500808AA3 /* news_btn_news_detail.png in Resources */ = {isa = PBXBuildFile; fileRef = 1DAA0ECC1B09DE0500808AA3 /* news_btn_news_detail.png */; };
		1DAA0F621B09DE0500808AA3 /* news_list_bullet.png in Resources */ = {isa = PBXBuildFile; fileRef = 1DAA0ECD1B09DE0500808AA3 /* news_list_bullet.png */; };
		1DAA0F631B09DE0500808AA3 /* news_list_event.png in Resources */ = {isa = PBXBuildFile; fileRef = 1DAA0ECE1B09DE0500808AA3 /* news_list_event.png */; };
		1DAA0F641B09DE0500808AA3 /* news_list_total.png in Resources */ = {isa = PBXBuildFile; fileRef = 1DAA0ECF1B09DE0500808AA3 /* news_list_total.png */; };
		1DAA0F651B09DE0500808AA3 /* news_list_update.png in Resources */ = {isa = PBXBuildFile; fileRef = 1DAA0ED01B09DE0500808AA3 /* news_list_update.png */; };
		1DAA0F661B09DE0500808AA3 /* news_nodata_img.png in Resources */ = {isa = PBXBuildFile; fileRef = 1DAA0ED11B09DE0500808AA3 /* news_nodata_img.png */; };
		1DAA0F671B09DE0500808AA3 /* popup_bg.png in Resources */ = {isa = PBXBuildFile; fileRef = 1DAA0ED21B09DE0500808AA3 /* popup_bg.png */; };
		1DAA0F681B09DE0500808AA3 /* popup_btn_confirm_bg.9.png in Resources */ = {isa = PBXBuildFile; fileRef = 1DAA0ED31B09DE0500808AA3 /* popup_btn_confirm_bg.9.png */; };
		1DAA0F691B09DE0500808AA3 /* popup_btn_confirm_txt.png in Resources */ = {isa = PBXBuildFile; fileRef = 1DAA0ED41B09DE0500808AA3 /* popup_btn_confirm_txt.png */; };
		1DAA0F6A1B09DE0500808AA3 /* popup_close.png in Resources */ = {isa = PBXBuildFile; fileRef = 1DAA0ED51B09DE0500808AA3 /* popup_close.png */; };
		1DAA0F6B1B09DE0500808AA3 /* popup_invisible_line.png in Resources */ = {isa = PBXBuildFile; fileRef = 1DAA0ED61B09DE0500808AA3 /* popup_invisible_line.png */; };
		1DAA0F6C1B09DE0500808AA3 /* setting_btn_login.png in Resources */ = {isa = PBXBuildFile; fileRef = 1DAA0ED71B09DE0500808AA3 /* setting_btn_login.png */; };
		1DAA0F6D1B09DE0500808AA3 /* setting_btn_logout.png in Resources */ = {isa = PBXBuildFile; fileRef = 1DAA0ED81B09DE0500808AA3 /* setting_btn_logout.png */; };
		1DAA0F6E1B09DE0500808AA3 /* setting_cell_off.png in Resources */ = {isa = PBXBuildFile; fileRef = 1DAA0ED91B09DE0500808AA3 /* setting_cell_off.png */; };
		1DAA0F6F1B09DE0500808AA3 /* setting_cell_on.png in Resources */ = {isa = PBXBuildFile; fileRef = 1DAA0EDA1B09DE0500808AA3 /* setting_cell_on.png */; };
		1DAA0F701B09DE0500808AA3 /* setting_checkbox_off.png in Resources */ = {isa = PBXBuildFile; fileRef = 1DAA0EDB1B09DE0500808AA3 /* setting_checkbox_off.png */; };
		1DAA0F711B09DE0500808AA3 /* setting_checkbox_on.png in Resources */ = {isa = PBXBuildFile; fileRef = 1DAA0EDC1B09DE0500808AA3 /* setting_checkbox_on.png */; };
		1DAA0F721B09DE0500808AA3 /* setting_customerservice_customercenter_txt.png in Resources */ = {isa = PBXBuildFile; fileRef = 1DAA0EDD1B09DE0500808AA3 /* setting_customerservice_customercenter_txt.png */; };
		1DAA0F731B09DE0500808AA3 /* setting_customerservice_terms_txt.png in Resources */ = {isa = PBXBuildFile; fileRef = 1DAA0EDE1B09DE0500808AA3 /* setting_customerservice_terms_txt.png */; };
		1DAA0F741B09DE0500808AA3 /* setting_customerservice_title.png in Resources */ = {isa = PBXBuildFile; fileRef = 1DAA0EDF1B09DE0500808AA3 /* setting_customerservice_title.png */; };
		1DAA0F751B09DE0500808AA3 /* setting_customerservice_version_txt.png in Resources */ = {isa = PBXBuildFile; fileRef = 1DAA0EE01B09DE0500808AA3 /* setting_customerservice_version_txt.png */; };
		1DAA0F761B09DE0500808AA3 /* setting_myinfo_login_txt.png in Resources */ = {isa = PBXBuildFile; fileRef = 1DAA0EE11B09DE0500808AA3 /* setting_myinfo_login_txt.png */; };
		1DAA0F771B09DE0500808AA3 /* setting_myinfo_title.png in Resources */ = {isa = PBXBuildFile; fileRef = 1DAA0EE21B09DE0500808AA3 /* setting_myinfo_title.png */; };
		1DAA0F781B09DE0500808AA3 /* setting_notice_event_txt.png in Resources */ = {isa = PBXBuildFile; fileRef = 1DAA0EE31B09DE0500808AA3 /* setting_notice_event_txt.png */; };
		1DAA0F791B09DE0500808AA3 /* setting_notice_title.png in Resources */ = {isa = PBXBuildFile; fileRef = 1DAA0EE41B09DE0500808AA3 /* setting_notice_title.png */; };
		1DAA0F7A1B09DE0500808AA3 /* setting_notice_update_txt.png in Resources */ = {isa = PBXBuildFile; fileRef = 1DAA0EE51B09DE0500808AA3 /* setting_notice_update_txt.png */; };
		1DAA0F7B1B09DE0500808AA3 /* setting_version_icon.png in Resources */ = {isa = PBXBuildFile; fileRef = 1DAA0EE61B09DE0500808AA3 /* setting_version_icon.png */; };
		1DAA0F7C1B09DE0500808AA3 /* setting_version_new.png in Resources */ = {isa = PBXBuildFile; fileRef = 1DAA0EE71B09DE0500808AA3 /* setting_version_new.png */; };
		1DAA0F7D1B09DE0500808AA3 /* setting_version_new_txt.png in Resources */ = {isa = PBXBuildFile; fileRef = 1DAA0EE81B09DE0500808AA3 /* setting_version_new_txt.png */; };
		1DAA0F7E1B09DE0500808AA3 /* setting_version_old.png in Resources */ = {isa = PBXBuildFile; fileRef = 1DAA0EE91B09DE0500808AA3 /* setting_version_old.png */; };
		1DAA0F7F1B09DE0500808AA3 /* setting_version_old_txt.png in Resources */ = {isa = PBXBuildFile; fileRef = 1DAA0EEA1B09DE0500808AA3 /* setting_version_old_txt.png */; };
		1DAA0F801B09DE0500808AA3 /* splash_background.png in Resources */ = {isa = PBXBuildFile; fileRef = 1DAA0EEB1B09DE0500808AA3 /* splash_background.png */; };
		1DAA0F811B09DE0500808AA3 /* splash_character.png in Resources */ = {isa = PBXBuildFile; fileRef = 1DAA0EEC1B09DE0500808AA3 /* splash_character.png */; };
		1DAA0F821B09DE0500808AA3 /* splash_footer_neowizgames.png in Resources */ = {isa = PBXBuildFile; fileRef = 1DAA0EED1B09DE0500808AA3 /* splash_footer_neowizgames.png */; };
		1DAA0F831B09DE0500808AA3 /* splash_footer_redduck.png in Resources */ = {isa = PBXBuildFile; fileRef = 1DAA0EEE1B09DE0500808AA3 /* splash_footer_redduck.png */; };
		1DAA0F841B09DE0500808AA3 /* splash_line.png in Resources */ = {isa = PBXBuildFile; fileRef = 1DAA0EEF1B09DE0500808AA3 /* splash_line.png */; };
		1DAA0F851B09DE0500808AA3 /* splash_patternbackground.png in Resources */ = {isa = PBXBuildFile; fileRef = 1DAA0EF01B09DE0500808AA3 /* splash_patternbackground.png */; };
		1DAA0F861B09DE0500808AA3 /* splash_title.png in Resources */ = {isa = PBXBuildFile; fileRef = 1DAA0EF11B09DE0500808AA3 /* splash_title.png */; };
		1DAA0F871B09DE0500808AA3 /* title_back.png in Resources */ = {isa = PBXBuildFile; fileRef = 1DAA0EF21B09DE0500808AA3 /* title_back.png */; };
		1DAA0F881B09DE0500808AA3 /* title_setting.png in Resources */ = {isa = PBXBuildFile; fileRef = 1DAA0EF31B09DE0500808AA3 /* title_setting.png */; };
		1DAA0F891B09DE0500808AA3 /* title_txt_getlist.png in Resources */ = {isa = PBXBuildFile; fileRef = 1DAA0EF41B09DE0500808AA3 /* title_txt_getlist.png */; };
		1DAA0F8A1B09DE0500808AA3 /* title_txt_main.png in Resources */ = {isa = PBXBuildFile; fileRef = 1DAA0EF51B09DE0500808AA3 /* title_txt_main.png */; };
		1DAA0F8B1B09DE0500808AA3 /* title_txt_news.png in Resources */ = {isa = PBXBuildFile; fileRef = 1DAA0EF61B09DE0500808AA3 /* title_txt_news.png */; };
		1DAA0F8C1B09DE0500808AA3 /* title_txt_setting.png in Resources */ = {isa = PBXBuildFile; fileRef = 1DAA0EF71B09DE0500808AA3 /* title_txt_setting.png */; };
		1DAA0F8D1B09DE0500808AA3 /* tutorial_close_bt.png in Resources */ = {isa = PBXBuildFile; fileRef = 1DAA0EF81B09DE0500808AA3 /* tutorial_close_bt.png */; };
		1DAA0F8E1B09DE0500808AA3 /* tutorial_close_txt.png in Resources */ = {isa = PBXBuildFile; fileRef = 1DAA0EF91B09DE0500808AA3 /* tutorial_close_txt.png */; };
		1DAA0F8F1B09DE0500808AA3 /* tutorial_page1.png in Resources */ = {isa = PBXBuildFile; fileRef = 1DAA0EFA1B09DE0500808AA3 /* tutorial_page1.png */; };
		1DAA0F901B09DE0500808AA3 /* tutorial_page2.png in Resources */ = {isa = PBXBuildFile; fileRef = 1DAA0EFB1B09DE0500808AA3 /* tutorial_page2.png */; };
		1DAA0F911B09DE0500808AA3 /* tutorial_page3.png in Resources */ = {isa = PBXBuildFile; fileRef = 1DAA0EFC1B09DE0500808AA3 /* tutorial_page3.png */; };
		1DAA0F921B09DE0500808AA3 /* tutorial_select_off.png in Resources */ = {isa = PBXBuildFile; fileRef = 1DAA0EFD1B09DE0500808AA3 /* tutorial_select_off.png */; };
		1DAA0F931B09DE0500808AA3 /* tutorial_select_on.png in Resources */ = {isa = PBXBuildFile; fileRef = 1DAA0EFE1B09DE0500808AA3 /* tutorial_select_on.png */; };
		1DAA0F951B09DE3F00808AA3 /* SplashActivity.png in Resources */ = {isa = PBXBuildFile; fileRef = 1DAA0F941B09DE3F00808AA3 /* SplashActivity.png */; };
		1DB1B89D1AEF7AB300F326E3 /* LoginViewController.swift in Sources */ = {isa = PBXBuildFile; fileRef = 1DB1B89C1AEF7AB300F326E3 /* LoginViewController.swift */; };
		1DB1B89F1AF5E96D00F326E3 /* GetlistView.swift in Sources */ = {isa = PBXBuildFile; fileRef = 1DB1B89E1AF5E96D00F326E3 /* GetlistView.swift */; };
		1DB1B9011AF5EFBC00F326E3 /* LoginView.swift in Sources */ = {isa = PBXBuildFile; fileRef = 1DB1B9001AF5EFBC00F326E3 /* LoginView.swift */; };
		1DB1B9031AF606A800F326E3 /* GetlistViewController.swift in Sources */ = {isa = PBXBuildFile; fileRef = 1DB1B9021AF606A800F326E3 /* GetlistViewController.swift */; };
		1DB1B9051AF610E700F326E3 /* GetlistTableViewController.swift in Sources */ = {isa = PBXBuildFile; fileRef = 1DB1B9041AF610E700F326E3 /* GetlistTableViewController.swift */; };
		1DB1B9071AF612A300F326E3 /* MyTableViewCell.swift in Sources */ = {isa = PBXBuildFile; fileRef = 1DB1B9061AF612A300F326E3 /* MyTableViewCell.swift */; };
		1DC059C31AEDDB4A00C0E1B4 /* AppDelegate.swift in Sources */ = {isa = PBXBuildFile; fileRef = 1DC059C21AEDDB4A00C0E1B4 /* AppDelegate.swift */; };
		1DC059C51AEDDB4A00C0E1B4 /* ItemgetViewController.swift in Sources */ = {isa = PBXBuildFile; fileRef = 1DC059C41AEDDB4A00C0E1B4 /* ItemgetViewController.swift */; };
		1DC059C71AEDDB4A00C0E1B4 /* SecondViewController.swift in Sources */ = {isa = PBXBuildFile; fileRef = 1DC059C61AEDDB4A00C0E1B4 /* SecondViewController.swift */; };
		1DC059CA1AEDDB4A00C0E1B4 /* Main.storyboard in Resources */ = {isa = PBXBuildFile; fileRef = 1DC059C81AEDDB4A00C0E1B4 /* Main.storyboard */; };
		1DC059CC1AEDDB4A00C0E1B4 /* Images.xcassets in Resources */ = {isa = PBXBuildFile; fileRef = 1DC059CB1AEDDB4A00C0E1B4 /* Images.xcassets */; };
		1DC059CF1AEDDB4A00C0E1B4 /* LaunchScreen.xib in Resources */ = {isa = PBXBuildFile; fileRef = 1DC059CD1AEDDB4A00C0E1B4 /* LaunchScreen.xib */; };
		1DC059DB1AEDDB4B00C0E1B4 /* avaTests.swift in Sources */ = {isa = PBXBuildFile; fileRef = 1DC059DA1AEDDB4B00C0E1B4 /* avaTests.swift */; };
/* End PBXBuildFile section */

/* Begin PBXContainerItemProxy section */
		1DC059D51AEDDB4B00C0E1B4 /* PBXContainerItemProxy */ = {
			isa = PBXContainerItemProxy;
			containerPortal = 1DC059B51AEDDB4A00C0E1B4 /* Project object */;
			proxyType = 1;
			remoteGlobalIDString = 1DC059BC1AEDDB4A00C0E1B4;
			remoteInfo = ava;
		};
/* End PBXContainerItemProxy section */

/* Begin PBXFileReference section */
		1D94C3791B0040C700CCE2B1 /* SettingTableViewController.swift */ = {isa = PBXFileReference; fileEncoding = 4; lastKnownFileType = sourcecode.swift; path = SettingTableViewController.swift; sourceTree = "<group>"; };
		1D94C37B1B01B9EE00CCE2B1 /* HistoryTableViewCell.swift */ = {isa = PBXFileReference; fileEncoding = 4; lastKnownFileType = sourcecode.swift; path = HistoryTableViewCell.swift; sourceTree = "<group>"; };
		1D94C37D1B02127F00CCE2B1 /* avaNavigationViewController.swift */ = {isa = PBXFileReference; fileEncoding = 4; lastKnownFileType = sourcecode.swift; path = avaNavigationViewController.swift; sourceTree = "<group>"; };
		1DA648F01AFB308500970B76 /* uselessCodes.swift */ = {isa = PBXFileReference; fileEncoding = 4; lastKnownFileType = sourcecode.swift; name = uselessCodes.swift; path = ../uselessCodes.swift; sourceTree = "<group>"; };
		1DAA0E691B09DE0500808AA3 /* bonus_bg.png */ = {isa = PBXFileReference; lastKnownFileType = image.png; path = bonus_bg.png; sourceTree = "<group>"; };
		1DAA0E6A1B09DE0500808AA3 /* bonus_box_a_dimed.png */ = {isa = PBXFileReference; lastKnownFileType = image.png; path = bonus_box_a_dimed.png; sourceTree = "<group>"; };
		1DAA0E6B1B09DE0500808AA3 /* bonus_box_a_normal.png */ = {isa = PBXFileReference; lastKnownFileType = image.png; path = bonus_box_a_normal.png; sourceTree = "<group>"; };
		1DAA0E6C1B09DE0500808AA3 /* bonus_box_a_pressed.png */ = {isa = PBXFileReference; lastKnownFileType = image.png; path = bonus_box_a_pressed.png; sourceTree = "<group>"; };
		1DAA0E6D1B09DE0500808AA3 /* bonus_box_b_dimed.png */ = {isa = PBXFileReference; lastKnownFileType = image.png; path = bonus_box_b_dimed.png; sourceTree = "<group>"; };
		1DAA0E6E1B09DE0500808AA3 /* bonus_box_b_normal.png */ = {isa = PBXFileReference; lastKnownFileType = image.png; path = bonus_box_b_normal.png; sourceTree = "<group>"; };
		1DAA0E6F1B09DE0500808AA3 /* bonus_box_b_pressed.png */ = {isa = PBXFileReference; lastKnownFileType = image.png; path = bonus_box_b_pressed.png; sourceTree = "<group>"; };
		1DAA0E701B09DE0500808AA3 /* bonus_box_c_dimed.png */ = {isa = PBXFileReference; lastKnownFileType = image.png; path = bonus_box_c_dimed.png; sourceTree = "<group>"; };
		1DAA0E711B09DE0500808AA3 /* bonus_box_c_normal.png */ = {isa = PBXFileReference; lastKnownFileType = image.png; path = bonus_box_c_normal.png; sourceTree = "<group>"; };
		1DAA0E721B09DE0500808AA3 /* bonus_box_c_pressed.png */ = {isa = PBXFileReference; lastKnownFileType = image.png; path = bonus_box_c_pressed.png; sourceTree = "<group>"; };
		1DAA0E731B09DE0500808AA3 /* bonus_item_dimed.png */ = {isa = PBXFileReference; lastKnownFileType = image.png; path = bonus_item_dimed.png; sourceTree = "<group>"; };
		1DAA0E741B09DE0500808AA3 /* bonus_item_light_effect1.png */ = {isa = PBXFileReference; lastKnownFileType = image.png; path = bonus_item_light_effect1.png; sourceTree = "<group>"; };
		1DAA0E751B09DE0500808AA3 /* bonus_item_light_effect2.png */ = {isa = PBXFileReference; lastKnownFileType = image.png; path = bonus_item_light_effect2.png; sourceTree = "<group>"; };
		1DAA0E761B09DE0500808AA3 /* bonus_item_line_effect.png */ = {isa = PBXFileReference; lastKnownFileType = image.png; path = bonus_item_line_effect.png; sourceTree = "<group>"; };
		1DAA0E771B09DE0500808AA3 /* bonus_main_title.png */ = {isa = PBXFileReference; lastKnownFileType = image.png; path = bonus_main_title.png; sourceTree = "<group>"; };
		1DAA0E781B09DE0500808AA3 /* bonus_sub_title.png */ = {isa = PBXFileReference; lastKnownFileType = image.png; path = bonus_sub_title.png; sourceTree = "<group>"; };
		1DAA0E791B09DE0500808AA3 /* bonus_sub_title_complete.png */ = {isa = PBXFileReference; lastKnownFileType = image.png; path = bonus_sub_title_complete.png; sourceTree = "<group>"; };
		1DAA0E7A1B09DE0500808AA3 /* common_new.png */ = {isa = PBXFileReference; lastKnownFileType = image.png; path = common_new.png; sourceTree = "<group>"; };
		1DAA0E7B1B09DE0500808AA3 /* getlist_more.png */ = {isa = PBXFileReference; lastKnownFileType = image.png; path = getlist_more.png; sourceTree = "<group>"; };
		1DAA0E7C1B09DE0500808AA3 /* getlist_nodata_img.png */ = {isa = PBXFileReference; lastKnownFileType = image.png; path = getlist_nodata_img.png; sourceTree = "<group>"; };
		1DAA0E7D1B09DE0500808AA3 /* getlist_nodata_txt.png */ = {isa = PBXFileReference; lastKnownFileType = image.png; path = getlist_nodata_txt.png; sourceTree = "<group>"; };
		1DAA0E7E1B09DE0500808AA3 /* getlist_tap_date.png */ = {isa = PBXFileReference; lastKnownFileType = image.png; path = getlist_tap_date.png; sourceTree = "<group>"; };
		1DAA0E7F1B09DE0500808AA3 /* getlist_tap_getitem.png */ = {isa = PBXFileReference; lastKnownFileType = image.png; path = getlist_tap_getitem.png; sourceTree = "<group>"; };
		1DAA0E801B09DE0500808AA3 /* getlist_tap_type.png */ = {isa = PBXFileReference; lastKnownFileType = image.png; path = getlist_tap_type.png; sourceTree = "<group>"; };
		1DAA0E811B09DE0500808AA3 /* ic_launcher 2.png */ = {isa = PBXFileReference; lastKnownFileType = image.png; path = "ic_launcher 2.png"; sourceTree = "<group>"; };
		1DAA0E821B09DE0500808AA3 /* ic_launcher.png */ = {isa = PBXFileReference; lastKnownFileType = image.png; path = ic_launcher.png; sourceTree = "<group>"; };
		1DAA0E841B09DE0500808AA3 /* activity_bonus.xml */ = {isa = PBXFileReference; fileEncoding = 4; lastKnownFileType = text.xml; path = activity_bonus.xml; sourceTree = "<group>"; };
		1DAA0E851B09DE0500808AA3 /* activity_main.xml */ = {isa = PBXFileReference; fileEncoding = 4; lastKnownFileType = text.xml; path = activity_main.xml; sourceTree = "<group>"; };
		1DAA0E861B09DE0500808AA3 /* activity_menu.xml */ = {isa = PBXFileReference; fileEncoding = 4; lastKnownFileType = text.xml; path = activity_menu.xml; sourceTree = "<group>"; };
		1DAA0E871B09DE0500808AA3 /* activity_popup.xml */ = {isa = PBXFileReference; fileEncoding = 4; lastKnownFileType = text.xml; path = activity_popup.xml; sourceTree = "<group>"; };
		1DAA0E881B09DE0500808AA3 /* activity_splash.xml */ = {isa = PBXFileReference; fileEncoding = 4; lastKnownFileType = text.xml; path = activity_splash.xml; sourceTree = "<group>"; };
		1DAA0E891B09DE0500808AA3 /* activity_title.xml */ = {isa = PBXFileReference; fileEncoding = 4; lastKnownFileType = text.xml; path = activity_title.xml; sourceTree = "<group>"; };
		1DAA0E8A1B09DE0500808AA3 /* fragment_getlist.xml */ = {isa = PBXFileReference; fileEncoding = 4; lastKnownFileType = text.xml; path = fragment_getlist.xml; sourceTree = "<group>"; };
		1DAA0E8B1B09DE0500808AA3 /* fragment_itemget.xml */ = {isa = PBXFileReference; fileEncoding = 4; lastKnownFileType = text.xml; path = fragment_itemget.xml; sourceTree = "<group>"; };
		1DAA0E8C1B09DE0500808AA3 /* fragment_login.xml */ = {isa = PBXFileReference; fileEncoding = 4; lastKnownFileType = text.xml; path = fragment_login.xml; sourceTree = "<group>"; };
		1DAA0E8D1B09DE0500808AA3 /* fragment_news.xml */ = {isa = PBXFileReference; fileEncoding = 4; lastKnownFileType = text.xml; path = fragment_news.xml; sourceTree = "<group>"; };
		1DAA0E8E1B09DE0500808AA3 /* fragment_setting.xml */ = {isa = PBXFileReference; fileEncoding = 4; lastKnownFileType = text.xml; path = fragment_setting.xml; sourceTree = "<group>"; };
		1DAA0E8F1B09DE0500808AA3 /* fragment_tutorial1.xml */ = {isa = PBXFileReference; fileEncoding = 4; lastKnownFileType = text.xml; path = fragment_tutorial1.xml; sourceTree = "<group>"; };
		1DAA0E901B09DE0500808AA3 /* fragment_tutorial2.xml */ = {isa = PBXFileReference; fileEncoding = 4; lastKnownFileType = text.xml; path = fragment_tutorial2.xml; sourceTree = "<group>"; };
		1DAA0E911B09DE0500808AA3 /* fragment_tutorial3.xml */ = {isa = PBXFileReference; fileEncoding = 4; lastKnownFileType = text.xml; path = fragment_tutorial3.xml; sourceTree = "<group>"; };
		1DAA0E921B09DE0500808AA3 /* list_item_getlist_view.xml */ = {isa = PBXFileReference; fileEncoding = 4; lastKnownFileType = text.xml; path = list_item_getlist_view.xml; sourceTree = "<group>"; };
		1DAA0E931B09DE0500808AA3 /* list_item_getlist_view_more.xml */ = {isa = PBXFileReference; fileEncoding = 4; lastKnownFileType = text.xml; path = list_item_getlist_view_more.xml; sourceTree = "<group>"; };
		1DAA0E941B09DE0500808AA3 /* list_item_news_view.xml */ = {isa = PBXFileReference; fileEncoding = 4; lastKnownFileType = text.xml; path = list_item_news_view.xml; sourceTree = "<group>"; };
		1DAA0E951B09DE0500808AA3 /* main_tutorial_view.xml */ = {isa = PBXFileReference; fileEncoding = 4; lastKnownFileType = text.xml; path = main_tutorial_view.xml; sourceTree = "<group>"; };
		1DAA0E961B09DE0500808AA3 /* spinner_dropdown_news_item.xml */ = {isa = PBXFileReference; fileEncoding = 4; lastKnownFileType = text.xml; path = spinner_dropdown_news_item.xml; sourceTree = "<group>"; };
		1DAA0E971B09DE0500808AA3 /* spinner_news_item.xml */ = {isa = PBXFileReference; fileEncoding = 4; lastKnownFileType = text.xml; path = spinner_news_item.xml; sourceTree = "<group>"; };
		1DAA0E981B09DE0500808AA3 /* login_btn_close.png */ = {isa = PBXFileReference; lastKnownFileType = image.png; path = login_btn_close.png; sourceTree = "<group>"; };
		1DAA0E991B09DE0500808AA3 /* login_btn_idfind.png */ = {isa = PBXFileReference; lastKnownFileType = image.png; path = login_btn_idfind.png; sourceTree = "<group>"; };
		1DAA0E9A1B09DE0500808AA3 /* login_btn_login.png */ = {isa = PBXFileReference; lastKnownFileType = image.png; path = login_btn_login.png; sourceTree = "<group>"; };
		1DAA0E9B1B09DE0500808AA3 /* login_btn_pmangjoin.png */ = {isa = PBXFileReference; lastKnownFileType = image.png; path = login_btn_pmangjoin.png; sourceTree = "<group>"; };
		1DAA0E9C1B09DE0500808AA3 /* login_btn_pwfind.png */ = {isa = PBXFileReference; lastKnownFileType = image.png; path = login_btn_pwfind.png; sourceTree = "<group>"; };
		1DAA0E9D1B09DE0500808AA3 /* login_checkbox_alarm_off.png */ = {isa = PBXFileReference; lastKnownFileType = image.png; path = login_checkbox_alarm_off.png; sourceTree = "<group>"; };
		1DAA0E9E1B09DE0500808AA3 /* login_checkbox_alarm_on.png */ = {isa = PBXFileReference; lastKnownFileType = image.png; path = login_checkbox_alarm_on.png; sourceTree = "<group>"; };
		1DAA0E9F1B09DE0500808AA3 /* login_checkbox_autologin_off.png */ = {isa = PBXFileReference; lastKnownFileType = image.png; path = login_checkbox_autologin_off.png; sourceTree = "<group>"; };
		1DAA0EA01B09DE0500808AA3 /* login_checkbox_autologin_on.png */ = {isa = PBXFileReference; lastKnownFileType = image.png; path = login_checkbox_autologin_on.png; sourceTree = "<group>"; };
		1DAA0EA11B09DE0500808AA3 /* login_checkbox_off.png */ = {isa = PBXFileReference; lastKnownFileType = image.png; path = login_checkbox_off.png; sourceTree = "<group>"; };
		1DAA0EA21B09DE0500808AA3 /* login_checkbox_on.png */ = {isa = PBXFileReference; lastKnownFileType = image.png; path = login_checkbox_on.png; sourceTree = "<group>"; };
		1DAA0EA31B09DE0500808AA3 /* login_checkbox_terms_off.png */ = {isa = PBXFileReference; lastKnownFileType = image.png; path = login_checkbox_terms_off.png; sourceTree = "<group>"; };
		1DAA0EA41B09DE0500808AA3 /* login_checkbox_terms_on.png */ = {isa = PBXFileReference; lastKnownFileType = image.png; path = login_checkbox_terms_on.png; sourceTree = "<group>"; };
		1DAA0EA51B09DE0500808AA3 /* login_input_bg.png */ = {isa = PBXFileReference; lastKnownFileType = image.png; path = login_input_bg.png; sourceTree = "<group>"; };
		1DAA0EA61B09DE0500808AA3 /* login_input_id_txt.png */ = {isa = PBXFileReference; lastKnownFileType = image.png; path = login_input_id_txt.png; sourceTree = "<group>"; };
		1DAA0EA71B09DE0500808AA3 /* login_input_pw_txt.png */ = {isa = PBXFileReference; lastKnownFileType = image.png; path = login_input_pw_txt.png; sourceTree = "<group>"; };
		1DAA0EA81B09DE0500808AA3 /* login_terms_btn.png */ = {isa = PBXFileReference; lastKnownFileType = image.png; path = login_terms_btn.png; sourceTree = "<group>"; };
		1DAA0EA91B09DE0500808AA3 /* login_terms_txt.png */ = {isa = PBXFileReference; lastKnownFileType = image.png; path = login_terms_txt.png; sourceTree = "<group>"; };
		1DAA0EAA1B09DE0500808AA3 /* login_title.png */ = {isa = PBXFileReference; lastKnownFileType = image.png; path = login_title.png; sourceTree = "<group>"; };
		1DAA0EAB1B09DE0500808AA3 /* main_background.png */ = {isa = PBXFileReference; lastKnownFileType = image.png; path = main_background.png; sourceTree = "<group>"; };
		1DAA0EAC1B09DE0500808AA3 /* main_bonus_arrow_off.png */ = {isa = PBXFileReference; lastKnownFileType = image.png; path = main_bonus_arrow_off.png; sourceTree = "<group>"; };
		1DAA0EAD1B09DE0500808AA3 /* main_bonus_arrow_on.png */ = {isa = PBXFileReference; lastKnownFileType = image.png; path = main_bonus_arrow_on.png; sourceTree = "<group>"; };
		1DAA0EAE1B09DE0500808AA3 /* main_bonus_desc.png */ = {isa = PBXFileReference; lastKnownFileType = image.png; path = main_bonus_desc.png; sourceTree = "<group>"; };
		1DAA0EAF1B09DE0500808AA3 /* main_bonus_icon_off.png */ = {isa = PBXFileReference; lastKnownFileType = image.png; path = main_bonus_icon_off.png; sourceTree = "<group>"; };
		1DAA0EB01B09DE0500808AA3 /* main_bonus_icon_on.png */ = {isa = PBXFileReference; lastKnownFileType = image.png; path = main_bonus_icon_on.png; sourceTree = "<group>"; };
		1DAA0EB11B09DE0500808AA3 /* main_bonus_title.png */ = {isa = PBXFileReference; lastKnownFileType = image.png; path = main_bonus_title.png; sourceTree = "<group>"; };
		1DAA0EB21B09DE0500808AA3 /* main_bonus_today_icon_off.png */ = {isa = PBXFileReference; lastKnownFileType = image.png; path = main_bonus_today_icon_off.png; sourceTree = "<group>"; };
		1DAA0EB31B09DE0500808AA3 /* main_bonus_today_icon_on.png */ = {isa = PBXFileReference; lastKnownFileType = image.png; path = main_bonus_today_icon_on.png; sourceTree = "<group>"; };
		1DAA0EB41B09DE0500808AA3 /* main_item_back_bg.png */ = {isa = PBXFileReference; lastKnownFileType = image.png; path = main_item_back_bg.png; sourceTree = "<group>"; };
		1DAA0EB51B09DE0500808AA3 /* main_item_bg.png */ = {isa = PBXFileReference; lastKnownFileType = image.png; path = main_item_bg.png; sourceTree = "<group>"; };
		1DAA0EB61B09DE0500808AA3 /* main_item_bt_bg_normal.png */ = {isa = PBXFileReference; lastKnownFileType = image.png; path = main_item_bt_bg_normal.png; sourceTree = "<group>"; };
		1DAA0EB71B09DE0500808AA3 /* main_item_bt_bg_pressed.png */ = {isa = PBXFileReference; lastKnownFileType = image.png; path = main_item_bt_bg_pressed.png; sourceTree = "<group>"; };
		1DAA0EB81B09DE0500808AA3 /* main_item_effect_glow.png */ = {isa = PBXFileReference; lastKnownFileType = image.png; path = main_item_effect_glow.png; sourceTree = "<group>"; };
		1DAA0EB91B09DE0500808AA3 /* main_item_effect_light.png */ = {isa = PBXFileReference; lastKnownFileType = image.png; path = main_item_effect_light.png; sourceTree = "<group>"; };
		1DAA0EBA1B09DE0500808AA3 /* main_item_effect_star.png */ = {isa = PBXFileReference; lastKnownFileType = image.png; path = main_item_effect_star.png; sourceTree = "<group>"; };
		1DAA0EBB1B09DE0500808AA3 /* main_item_front_bg.png */ = {isa = PBXFileReference; lastKnownFileType = image.png; path = main_item_front_bg.png; sourceTree = "<group>"; };
		1DAA0EBC1B09DE0500808AA3 /* main_item_sample.png */ = {isa = PBXFileReference; lastKnownFileType = image.png; path = main_item_sample.png; sourceTree = "<group>"; };
		1DAA0EBD1B09DE0500808AA3 /* main_log_nocharacter.png */ = {isa = PBXFileReference; lastKnownFileType = image.png; path = main_log_nocharacter.png; sourceTree = "<group>"; };
		1DAA0EBE1B09DE0500808AA3 /* main_log_out.png */ = {isa = PBXFileReference; lastKnownFileType = image.png; path = main_log_out.png; sourceTree = "<group>"; };
		1DAA0EBF1B09DE0500808AA3 /* main_log_rewardcomplete.png */ = {isa = PBXFileReference; lastKnownFileType = image.png; path = main_log_rewardcomplete.png; sourceTree = "<group>"; };
		1DAA0EC01B09DE0500808AA3 /* main_log_rewardget.png */ = {isa = PBXFileReference; lastKnownFileType = image.png; path = main_log_rewardget.png; sourceTree = "<group>"; };
		1DAA0EC11B09DE0500808AA3 /* menu_01_normal.png */ = {isa = PBXFileReference; lastKnownFileType = image.png; path = menu_01_normal.png; sourceTree = "<group>"; };
		1DAA0EC21B09DE0500808AA3 /* menu_01_pressed.png */ = {isa = PBXFileReference; lastKnownFileType = image.png; path = menu_01_pressed.png; sourceTree = "<group>"; };
		1DAA0EC31B09DE0500808AA3 /* menu_02_normal.png */ = {isa = PBXFileReference; lastKnownFileType = image.png; path = menu_02_normal.png; sourceTree = "<group>"; };
		1DAA0EC41B09DE0500808AA3 /* menu_02_pressed.png */ = {isa = PBXFileReference; lastKnownFileType = image.png; path = menu_02_pressed.png; sourceTree = "<group>"; };
		1DAA0EC51B09DE0500808AA3 /* menu_03_normal.png */ = {isa = PBXFileReference; lastKnownFileType = image.png; path = menu_03_normal.png; sourceTree = "<group>"; };
		1DAA0EC61B09DE0500808AA3 /* menu_03_pressed.png */ = {isa = PBXFileReference; lastKnownFileType = image.png; path = menu_03_pressed.png; sourceTree = "<group>"; };
		1DAA0EC71B09DE0500808AA3 /* menu_bg.png */ = {isa = PBXFileReference; lastKnownFileType = image.png; path = menu_bg.png; sourceTree = "<group>"; };
		1DAA0EC81B09DE0500808AA3 /* menu_item_bg_pressed.png */ = {isa = PBXFileReference; lastKnownFileType = image.png; path = menu_item_bg_pressed.png; sourceTree = "<group>"; };
		1DAA0EC91B09DE0500808AA3 /* news_btn_all_news_delete.png */ = {isa = PBXFileReference; lastKnownFileType = image.png; path = news_btn_all_news_delete.png; sourceTree = "<group>"; };
		1DAA0ECA1B09DE0500808AA3 /* news_btn_more.png */ = {isa = PBXFileReference; lastKnownFileType = image.png; path = news_btn_more.png; sourceTree = "<group>"; };
		1DAA0ECB1B09DE0500808AA3 /* news_btn_news_delete.png */ = {isa = PBXFileReference; lastKnownFileType = image.png; path = news_btn_news_delete.png; sourceTree = "<group>"; };
		1DAA0ECC1B09DE0500808AA3 /* news_btn_news_detail.png */ = {isa = PBXFileReference; lastKnownFileType = image.png; path = news_btn_news_detail.png; sourceTree = "<group>"; };
		1DAA0ECD1B09DE0500808AA3 /* news_list_bullet.png */ = {isa = PBXFileReference; lastKnownFileType = image.png; path = news_list_bullet.png; sourceTree = "<group>"; };
		1DAA0ECE1B09DE0500808AA3 /* news_list_event.png */ = {isa = PBXFileReference; lastKnownFileType = image.png; path = news_list_event.png; sourceTree = "<group>"; };
		1DAA0ECF1B09DE0500808AA3 /* news_list_total.png */ = {isa = PBXFileReference; lastKnownFileType = image.png; path = news_list_total.png; sourceTree = "<group>"; };
		1DAA0ED01B09DE0500808AA3 /* news_list_update.png */ = {isa = PBXFileReference; lastKnownFileType = image.png; path = news_list_update.png; sourceTree = "<group>"; };
		1DAA0ED11B09DE0500808AA3 /* news_nodata_img.png */ = {isa = PBXFileReference; lastKnownFileType = image.png; path = news_nodata_img.png; sourceTree = "<group>"; };
		1DAA0ED21B09DE0500808AA3 /* popup_bg.png */ = {isa = PBXFileReference; lastKnownFileType = image.png; path = popup_bg.png; sourceTree = "<group>"; };
		1DAA0ED31B09DE0500808AA3 /* popup_btn_confirm_bg.9.png */ = {isa = PBXFileReference; lastKnownFileType = image.png; path = popup_btn_confirm_bg.9.png; sourceTree = "<group>"; };
		1DAA0ED41B09DE0500808AA3 /* popup_btn_confirm_txt.png */ = {isa = PBXFileReference; lastKnownFileType = image.png; path = popup_btn_confirm_txt.png; sourceTree = "<group>"; };
		1DAA0ED51B09DE0500808AA3 /* popup_close.png */ = {isa = PBXFileReference; lastKnownFileType = image.png; path = popup_close.png; sourceTree = "<group>"; };
		1DAA0ED61B09DE0500808AA3 /* popup_invisible_line.png */ = {isa = PBXFileReference; lastKnownFileType = image.png; path = popup_invisible_line.png; sourceTree = "<group>"; };
		1DAA0ED71B09DE0500808AA3 /* setting_btn_login.png */ = {isa = PBXFileReference; lastKnownFileType = image.png; path = setting_btn_login.png; sourceTree = "<group>"; };
		1DAA0ED81B09DE0500808AA3 /* setting_btn_logout.png */ = {isa = PBXFileReference; lastKnownFileType = image.png; path = setting_btn_logout.png; sourceTree = "<group>"; };
		1DAA0ED91B09DE0500808AA3 /* setting_cell_off.png */ = {isa = PBXFileReference; lastKnownFileType = image.png; path = setting_cell_off.png; sourceTree = "<group>"; };
		1DAA0EDA1B09DE0500808AA3 /* setting_cell_on.png */ = {isa = PBXFileReference; lastKnownFileType = image.png; path = setting_cell_on.png; sourceTree = "<group>"; };
		1DAA0EDB1B09DE0500808AA3 /* setting_checkbox_off.png */ = {isa = PBXFileReference; lastKnownFileType = image.png; path = setting_checkbox_off.png; sourceTree = "<group>"; };
		1DAA0EDC1B09DE0500808AA3 /* setting_checkbox_on.png */ = {isa = PBXFileReference; lastKnownFileType = image.png; path = setting_checkbox_on.png; sourceTree = "<group>"; };
		1DAA0EDD1B09DE0500808AA3 /* setting_customerservice_customercenter_txt.png */ = {isa = PBXFileReference; lastKnownFileType = image.png; path = setting_customerservice_customercenter_txt.png; sourceTree = "<group>"; };
		1DAA0EDE1B09DE0500808AA3 /* setting_customerservice_terms_txt.png */ = {isa = PBXFileReference; lastKnownFileType = image.png; path = setting_customerservice_terms_txt.png; sourceTree = "<group>"; };
		1DAA0EDF1B09DE0500808AA3 /* setting_customerservice_title.png */ = {isa = PBXFileReference; lastKnownFileType = image.png; path = setting_customerservice_title.png; sourceTree = "<group>"; };
		1DAA0EE01B09DE0500808AA3 /* setting_customerservice_version_txt.png */ = {isa = PBXFileReference; lastKnownFileType = image.png; path = setting_customerservice_version_txt.png; sourceTree = "<group>"; };
		1DAA0EE11B09DE0500808AA3 /* setting_myinfo_login_txt.png */ = {isa = PBXFileReference; lastKnownFileType = image.png; path = setting_myinfo_login_txt.png; sourceTree = "<group>"; };
		1DAA0EE21B09DE0500808AA3 /* setting_myinfo_title.png */ = {isa = PBXFileReference; lastKnownFileType = image.png; path = setting_myinfo_title.png; sourceTree = "<group>"; };
		1DAA0EE31B09DE0500808AA3 /* setting_notice_event_txt.png */ = {isa = PBXFileReference; lastKnownFileType = image.png; path = setting_notice_event_txt.png; sourceTree = "<group>"; };
		1DAA0EE41B09DE0500808AA3 /* setting_notice_title.png */ = {isa = PBXFileReference; lastKnownFileType = image.png; path = setting_notice_title.png; sourceTree = "<group>"; };
		1DAA0EE51B09DE0500808AA3 /* setting_notice_update_txt.png */ = {isa = PBXFileReference; lastKnownFileType = image.png; path = setting_notice_update_txt.png; sourceTree = "<group>"; };
		1DAA0EE61B09DE0500808AA3 /* setting_version_icon.png */ = {isa = PBXFileReference; lastKnownFileType = image.png; path = setting_version_icon.png; sourceTree = "<group>"; };
		1DAA0EE71B09DE0500808AA3 /* setting_version_new.png */ = {isa = PBXFileReference; lastKnownFileType = image.png; path = setting_version_new.png; sourceTree = "<group>"; };
		1DAA0EE81B09DE0500808AA3 /* setting_version_new_txt.png */ = {isa = PBXFileReference; lastKnownFileType = image.png; path = setting_version_new_txt.png; sourceTree = "<group>"; };
		1DAA0EE91B09DE0500808AA3 /* setting_version_old.png */ = {isa = PBXFileReference; lastKnownFileType = image.png; path = setting_version_old.png; sourceTree = "<group>"; };
		1DAA0EEA1B09DE0500808AA3 /* setting_version_old_txt.png */ = {isa = PBXFileReference; lastKnownFileType = image.png; path = setting_version_old_txt.png; sourceTree = "<group>"; };
		1DAA0EEB1B09DE0500808AA3 /* splash_background.png */ = {isa = PBXFileReference; lastKnownFileType = image.png; path = splash_background.png; sourceTree = "<group>"; };
		1DAA0EEC1B09DE0500808AA3 /* splash_character.png */ = {isa = PBXFileReference; lastKnownFileType = image.png; path = splash_character.png; sourceTree = "<group>"; };
		1DAA0EED1B09DE0500808AA3 /* splash_footer_neowizgames.png */ = {isa = PBXFileReference; lastKnownFileType = image.png; path = splash_footer_neowizgames.png; sourceTree = "<group>"; };
		1DAA0EEE1B09DE0500808AA3 /* splash_footer_redduck.png */ = {isa = PBXFileReference; lastKnownFileType = image.png; path = splash_footer_redduck.png; sourceTree = "<group>"; };
		1DAA0EEF1B09DE0500808AA3 /* splash_line.png */ = {isa = PBXFileReference; lastKnownFileType = image.png; path = splash_line.png; sourceTree = "<group>"; };
		1DAA0EF01B09DE0500808AA3 /* splash_patternbackground.png */ = {isa = PBXFileReference; lastKnownFileType = image.png; path = splash_patternbackground.png; sourceTree = "<group>"; };
		1DAA0EF11B09DE0500808AA3 /* splash_title.png */ = {isa = PBXFileReference; lastKnownFileType = image.png; path = splash_title.png; sourceTree = "<group>"; };
		1DAA0EF21B09DE0500808AA3 /* title_back.png */ = {isa = PBXFileReference; lastKnownFileType = image.png; path = title_back.png; sourceTree = "<group>"; };
		1DAA0EF31B09DE0500808AA3 /* title_setting.png */ = {isa = PBXFileReference; lastKnownFileType = image.png; path = title_setting.png; sourceTree = "<group>"; };
		1DAA0EF41B09DE0500808AA3 /* title_txt_getlist.png */ = {isa = PBXFileReference; lastKnownFileType = image.png; path = title_txt_getlist.png; sourceTree = "<group>"; };
		1DAA0EF51B09DE0500808AA3 /* title_txt_main.png */ = {isa = PBXFileReference; lastKnownFileType = image.png; path = title_txt_main.png; sourceTree = "<group>"; };
		1DAA0EF61B09DE0500808AA3 /* title_txt_news.png */ = {isa = PBXFileReference; lastKnownFileType = image.png; path = title_txt_news.png; sourceTree = "<group>"; };
		1DAA0EF71B09DE0500808AA3 /* title_txt_setting.png */ = {isa = PBXFileReference; lastKnownFileType = image.png; path = title_txt_setting.png; sourceTree = "<group>"; };
		1DAA0EF81B09DE0500808AA3 /* tutorial_close_bt.png */ = {isa = PBXFileReference; lastKnownFileType = image.png; path = tutorial_close_bt.png; sourceTree = "<group>"; };
		1DAA0EF91B09DE0500808AA3 /* tutorial_close_txt.png */ = {isa = PBXFileReference; lastKnownFileType = image.png; path = tutorial_close_txt.png; sourceTree = "<group>"; };
		1DAA0EFA1B09DE0500808AA3 /* tutorial_page1.png */ = {isa = PBXFileReference; lastKnownFileType = image.png; path = tutorial_page1.png; sourceTree = "<group>"; };
		1DAA0EFB1B09DE0500808AA3 /* tutorial_page2.png */ = {isa = PBXFileReference; lastKnownFileType = image.png; path = tutorial_page2.png; sourceTree = "<group>"; };
		1DAA0EFC1B09DE0500808AA3 /* tutorial_page3.png */ = {isa = PBXFileReference; lastKnownFileType = image.png; path = tutorial_page3.png; sourceTree = "<group>"; };
		1DAA0EFD1B09DE0500808AA3 /* tutorial_select_off.png */ = {isa = PBXFileReference; lastKnownFileType = image.png; path = tutorial_select_off.png; sourceTree = "<group>"; };
		1DAA0EFE1B09DE0500808AA3 /* tutorial_select_on.png */ = {isa = PBXFileReference; lastKnownFileType = image.png; path = tutorial_select_on.png; sourceTree = "<group>"; };
		1DAA0F941B09DE3F00808AA3 /* SplashActivity.png */ = {isa = PBXFileReference; lastKnownFileType = image.png; name = SplashActivity.png; path = IMG/SplashActivity.png; sourceTree = "<group>"; };
		1DB1B89C1AEF7AB300F326E3 /* LoginViewController.swift */ = {isa = PBXFileReference; fileEncoding = 4; lastKnownFileType = sourcecode.swift; path = LoginViewController.swift; sourceTree = "<group>"; };
		1DB1B89E1AF5E96D00F326E3 /* GetlistView.swift */ = {isa = PBXFileReference; fileEncoding = 4; lastKnownFileType = sourcecode.swift; path = GetlistView.swift; sourceTree = "<group>"; };
		1DB1B9001AF5EFBC00F326E3 /* LoginView.swift */ = {isa = PBXFileReference; fileEncoding = 4; lastKnownFileType = sourcecode.swift; path = LoginView.swift; sourceTree = "<group>"; };
		1DB1B9021AF606A800F326E3 /* GetlistViewController.swift */ = {isa = PBXFileReference; fileEncoding = 4; lastKnownFileType = sourcecode.swift; path = GetlistViewController.swift; sourceTree = "<group>"; };
		1DB1B9041AF610E700F326E3 /* GetlistTableViewController.swift */ = {isa = PBXFileReference; fileEncoding = 4; lastKnownFileType = sourcecode.swift; path = GetlistTableViewController.swift; sourceTree = "<group>"; };
		1DB1B9061AF612A300F326E3 /* MyTableViewCell.swift */ = {isa = PBXFileReference; fileEncoding = 4; lastKnownFileType = sourcecode.swift; path = MyTableViewCell.swift; sourceTree = "<group>"; };
		1DC059BD1AEDDB4A00C0E1B4 /* ava.app */ = {isa = PBXFileReference; explicitFileType = wrapper.application; includeInIndex = 0; path = ava.app; sourceTree = BUILT_PRODUCTS_DIR; };
		1DC059C11AEDDB4A00C0E1B4 /* Info.plist */ = {isa = PBXFileReference; lastKnownFileType = text.plist.xml; path = Info.plist; sourceTree = "<group>"; };
		1DC059C21AEDDB4A00C0E1B4 /* AppDelegate.swift */ = {isa = PBXFileReference; lastKnownFileType = sourcecode.swift; path = AppDelegate.swift; sourceTree = "<group>"; };
		1DC059C41AEDDB4A00C0E1B4 /* ItemgetViewController.swift */ = {isa = PBXFileReference; lastKnownFileType = sourcecode.swift; path = ItemgetViewController.swift; sourceTree = "<group>"; };
		1DC059C61AEDDB4A00C0E1B4 /* SecondViewController.swift */ = {isa = PBXFileReference; lastKnownFileType = sourcecode.swift; path = SecondViewController.swift; sourceTree = "<group>"; };
		1DC059C91AEDDB4A00C0E1B4 /* Base */ = {isa = PBXFileReference; lastKnownFileType = file.storyboard; name = Base; path = Base.lproj/Main.storyboard; sourceTree = "<group>"; };
		1DC059CB1AEDDB4A00C0E1B4 /* Images.xcassets */ = {isa = PBXFileReference; lastKnownFileType = folder.assetcatalog; path = Images.xcassets; sourceTree = "<group>"; };
		1DC059CE1AEDDB4A00C0E1B4 /* Base */ = {isa = PBXFileReference; lastKnownFileType = file.xib; name = Base; path = Base.lproj/LaunchScreen.xib; sourceTree = "<group>"; };
		1DC059D41AEDDB4B00C0E1B4 /* avaTests.xctest */ = {isa = PBXFileReference; explicitFileType = wrapper.cfbundle; includeInIndex = 0; path = avaTests.xctest; sourceTree = BUILT_PRODUCTS_DIR; };
		1DC059D91AEDDB4B00C0E1B4 /* Info.plist */ = {isa = PBXFileReference; lastKnownFileType = text.plist.xml; path = Info.plist; sourceTree = "<group>"; };
		1DC059DA1AEDDB4B00C0E1B4 /* avaTests.swift */ = {isa = PBXFileReference; lastKnownFileType = sourcecode.swift; path = avaTests.swift; sourceTree = "<group>"; };
/* End PBXFileReference section */

/* Begin PBXFrameworksBuildPhase section */
		1DC059BA1AEDDB4A00C0E1B4 /* Frameworks */ = {
			isa = PBXFrameworksBuildPhase;
			buildActionMask = 2147483647;
			files = (
			);
			runOnlyForDeploymentPostprocessing = 0;
		};
		1DC059D11AEDDB4B00C0E1B4 /* Frameworks */ = {
			isa = PBXFrameworksBuildPhase;
			buildActionMask = 2147483647;
			files = (
			);
			runOnlyForDeploymentPostprocessing = 0;
		};
/* End PBXFrameworksBuildPhase section */

/* Begin PBXGroup section */
		1DAA0E681B09DE0500808AA3 /* IMG */ = {
			isa = PBXGroup;
			children = (
				1DAA0E691B09DE0500808AA3 /* bonus_bg.png */,
				1DAA0E6A1B09DE0500808AA3 /* bonus_box_a_dimed.png */,
				1DAA0E6B1B09DE0500808AA3 /* bonus_box_a_normal.png */,
				1DAA0E6C1B09DE0500808AA3 /* bonus_box_a_pressed.png */,
				1DAA0E6D1B09DE0500808AA3 /* bonus_box_b_dimed.png */,
				1DAA0E6E1B09DE0500808AA3 /* bonus_box_b_normal.png */,
				1DAA0E6F1B09DE0500808AA3 /* bonus_box_b_pressed.png */,
				1DAA0E701B09DE0500808AA3 /* bonus_box_c_dimed.png */,
				1DAA0E711B09DE0500808AA3 /* bonus_box_c_normal.png */,
				1DAA0E721B09DE0500808AA3 /* bonus_box_c_pressed.png */,
				1DAA0E731B09DE0500808AA3 /* bonus_item_dimed.png */,
				1DAA0E741B09DE0500808AA3 /* bonus_item_light_effect1.png */,
				1DAA0E751B09DE0500808AA3 /* bonus_item_light_effect2.png */,
				1DAA0E761B09DE0500808AA3 /* bonus_item_line_effect.png */,
				1DAA0E771B09DE0500808AA3 /* bonus_main_title.png */,
				1DAA0E781B09DE0500808AA3 /* bonus_sub_title.png */,
				1DAA0E791B09DE0500808AA3 /* bonus_sub_title_complete.png */,
				1DAA0E7A1B09DE0500808AA3 /* common_new.png */,
				1DAA0E7B1B09DE0500808AA3 /* getlist_more.png */,
				1DAA0E7C1B09DE0500808AA3 /* getlist_nodata_img.png */,
				1DAA0E7D1B09DE0500808AA3 /* getlist_nodata_txt.png */,
				1DAA0E7E1B09DE0500808AA3 /* getlist_tap_date.png */,
				1DAA0E7F1B09DE0500808AA3 /* getlist_tap_getitem.png */,
				1DAA0E801B09DE0500808AA3 /* getlist_tap_type.png */,
				1DAA0E811B09DE0500808AA3 /* ic_launcher 2.png */,
				1DAA0E821B09DE0500808AA3 /* ic_launcher.png */,
				1DAA0E831B09DE0500808AA3 /* layout */,
				1DAA0E981B09DE0500808AA3 /* login_btn_close.png */,
				1DAA0E991B09DE0500808AA3 /* login_btn_idfind.png */,
				1DAA0E9A1B09DE0500808AA3 /* login_btn_login.png */,
				1DAA0E9B1B09DE0500808AA3 /* login_btn_pmangjoin.png */,
				1DAA0E9C1B09DE0500808AA3 /* login_btn_pwfind.png */,
				1DAA0E9D1B09DE0500808AA3 /* login_checkbox_alarm_off.png */,
				1DAA0E9E1B09DE0500808AA3 /* login_checkbox_alarm_on.png */,
				1DAA0E9F1B09DE0500808AA3 /* login_checkbox_autologin_off.png */,
				1DAA0EA01B09DE0500808AA3 /* login_checkbox_autologin_on.png */,
				1DAA0EA11B09DE0500808AA3 /* login_checkbox_off.png */,
				1DAA0EA21B09DE0500808AA3 /* login_checkbox_on.png */,
				1DAA0EA31B09DE0500808AA3 /* login_checkbox_terms_off.png */,
				1DAA0EA41B09DE0500808AA3 /* login_checkbox_terms_on.png */,
				1DAA0EA51B09DE0500808AA3 /* login_input_bg.png */,
				1DAA0EA61B09DE0500808AA3 /* login_input_id_txt.png */,
				1DAA0EA71B09DE0500808AA3 /* login_input_pw_txt.png */,
				1DAA0EA81B09DE0500808AA3 /* login_terms_btn.png */,
				1DAA0EA91B09DE0500808AA3 /* login_terms_txt.png */,
				1DAA0EAA1B09DE0500808AA3 /* login_title.png */,
				1DAA0EAB1B09DE0500808AA3 /* main_background.png */,
				1DAA0EAC1B09DE0500808AA3 /* main_bonus_arrow_off.png */,
				1DAA0EAD1B09DE0500808AA3 /* main_bonus_arrow_on.png */,
				1DAA0EAE1B09DE0500808AA3 /* main_bonus_desc.png */,
				1DAA0EAF1B09DE0500808AA3 /* main_bonus_icon_off.png */,
				1DAA0EB01B09DE0500808AA3 /* main_bonus_icon_on.png */,
				1DAA0EB11B09DE0500808AA3 /* main_bonus_title.png */,
				1DAA0EB21B09DE0500808AA3 /* main_bonus_today_icon_off.png */,
				1DAA0EB31B09DE0500808AA3 /* main_bonus_today_icon_on.png */,
				1DAA0EB41B09DE0500808AA3 /* main_item_back_bg.png */,
				1DAA0EB51B09DE0500808AA3 /* main_item_bg.png */,
				1DAA0EB61B09DE0500808AA3 /* main_item_bt_bg_normal.png */,
				1DAA0EB71B09DE0500808AA3 /* main_item_bt_bg_pressed.png */,
				1DAA0EB81B09DE0500808AA3 /* main_item_effect_glow.png */,
				1DAA0EB91B09DE0500808AA3 /* main_item_effect_light.png */,
				1DAA0EBA1B09DE0500808AA3 /* main_item_effect_star.png */,
				1DAA0EBB1B09DE0500808AA3 /* main_item_front_bg.png */,
				1DAA0EBC1B09DE0500808AA3 /* main_item_sample.png */,
				1DAA0EBD1B09DE0500808AA3 /* main_log_nocharacter.png */,
				1DAA0EBE1B09DE0500808AA3 /* main_log_out.png */,
				1DAA0EBF1B09DE0500808AA3 /* main_log_rewardcomplete.png */,
				1DAA0EC01B09DE0500808AA3 /* main_log_rewardget.png */,
				1DAA0EC11B09DE0500808AA3 /* menu_01_normal.png */,
				1DAA0EC21B09DE0500808AA3 /* menu_01_pressed.png */,
				1DAA0EC31B09DE0500808AA3 /* menu_02_normal.png */,
				1DAA0EC41B09DE0500808AA3 /* menu_02_pressed.png */,
				1DAA0EC51B09DE0500808AA3 /* menu_03_normal.png */,
				1DAA0EC61B09DE0500808AA3 /* menu_03_pressed.png */,
				1DAA0EC71B09DE0500808AA3 /* menu_bg.png */,
				1DAA0EC81B09DE0500808AA3 /* menu_item_bg_pressed.png */,
				1DAA0EC91B09DE0500808AA3 /* news_btn_all_news_delete.png */,
				1DAA0ECA1B09DE0500808AA3 /* news_btn_more.png */,
				1DAA0ECB1B09DE0500808AA3 /* news_btn_news_delete.png */,
				1DAA0ECC1B09DE0500808AA3 /* news_btn_news_detail.png */,
				1DAA0ECD1B09DE0500808AA3 /* news_list_bullet.png */,
				1DAA0ECE1B09DE0500808AA3 /* news_list_event.png */,
				1DAA0ECF1B09DE0500808AA3 /* news_list_total.png */,
				1DAA0ED01B09DE0500808AA3 /* news_list_update.png */,
				1DAA0ED11B09DE0500808AA3 /* news_nodata_img.png */,
				1DAA0ED21B09DE0500808AA3 /* popup_bg.png */,
				1DAA0ED31B09DE0500808AA3 /* popup_btn_confirm_bg.9.png */,
				1DAA0ED41B09DE0500808AA3 /* popup_btn_confirm_txt.png */,
				1DAA0ED51B09DE0500808AA3 /* popup_close.png */,
				1DAA0ED61B09DE0500808AA3 /* popup_invisible_line.png */,
				1DAA0ED71B09DE0500808AA3 /* setting_btn_login.png */,
				1DAA0ED81B09DE0500808AA3 /* setting_btn_logout.png */,
				1DAA0ED91B09DE0500808AA3 /* setting_cell_off.png */,
				1DAA0EDA1B09DE0500808AA3 /* setting_cell_on.png */,
				1DAA0EDB1B09DE0500808AA3 /* setting_checkbox_off.png */,
				1DAA0EDC1B09DE0500808AA3 /* setting_checkbox_on.png */,
				1DAA0EDD1B09DE0500808AA3 /* setting_customerservice_customercenter_txt.png */,
				1DAA0EDE1B09DE0500808AA3 /* setting_customerservice_terms_txt.png */,
				1DAA0EDF1B09DE0500808AA3 /* setting_customerservice_title.png */,
				1DAA0EE01B09DE0500808AA3 /* setting_customerservice_version_txt.png */,
				1DAA0EE11B09DE0500808AA3 /* setting_myinfo_login_txt.png */,
				1DAA0EE21B09DE0500808AA3 /* setting_myinfo_title.png */,
				1DAA0EE31B09DE0500808AA3 /* setting_notice_event_txt.png */,
				1DAA0EE41B09DE0500808AA3 /* setting_notice_title.png */,
				1DAA0EE51B09DE0500808AA3 /* setting_notice_update_txt.png */,
				1DAA0EE61B09DE0500808AA3 /* setting_version_icon.png */,
				1DAA0EE71B09DE0500808AA3 /* setting_version_new.png */,
				1DAA0EE81B09DE0500808AA3 /* setting_version_new_txt.png */,
				1DAA0EE91B09DE0500808AA3 /* setting_version_old.png */,
				1DAA0EEA1B09DE0500808AA3 /* setting_version_old_txt.png */,
				1DAA0EEB1B09DE0500808AA3 /* splash_background.png */,
				1DAA0EEC1B09DE0500808AA3 /* splash_character.png */,
				1DAA0EED1B09DE0500808AA3 /* splash_footer_neowizgames.png */,
				1DAA0EEE1B09DE0500808AA3 /* splash_footer_redduck.png */,
				1DAA0EEF1B09DE0500808AA3 /* splash_line.png */,
				1DAA0EF01B09DE0500808AA3 /* splash_patternbackground.png */,
				1DAA0EF11B09DE0500808AA3 /* splash_title.png */,
				1DAA0EF21B09DE0500808AA3 /* title_back.png */,
				1DAA0EF31B09DE0500808AA3 /* title_setting.png */,
				1DAA0EF41B09DE0500808AA3 /* title_txt_getlist.png */,
				1DAA0EF51B09DE0500808AA3 /* title_txt_main.png */,
				1DAA0EF61B09DE0500808AA3 /* title_txt_news.png */,
				1DAA0EF71B09DE0500808AA3 /* title_txt_setting.png */,
				1DAA0EF81B09DE0500808AA3 /* tutorial_close_bt.png */,
				1DAA0EF91B09DE0500808AA3 /* tutorial_close_txt.png */,
				1DAA0EFA1B09DE0500808AA3 /* tutorial_page1.png */,
				1DAA0EFB1B09DE0500808AA3 /* tutorial_page2.png */,
				1DAA0EFC1B09DE0500808AA3 /* tutorial_page3.png */,
				1DAA0EFD1B09DE0500808AA3 /* tutorial_select_off.png */,
				1DAA0EFE1B09DE0500808AA3 /* tutorial_select_on.png */,
			);
			name = IMG;
			path = ava/IMG;
			sourceTree = "<group>";
		};
		1DAA0E831B09DE0500808AA3 /* layout */ = {
			isa = PBXGroup;
			children = (
				1DAA0E841B09DE0500808AA3 /* activity_bonus.xml */,
				1DAA0E851B09DE0500808AA3 /* activity_main.xml */,
				1DAA0E861B09DE0500808AA3 /* activity_menu.xml */,
				1DAA0E871B09DE0500808AA3 /* activity_popup.xml */,
				1DAA0E881B09DE0500808AA3 /* activity_splash.xml */,
				1DAA0E891B09DE0500808AA3 /* activity_title.xml */,
				1DAA0E8A1B09DE0500808AA3 /* fragment_getlist.xml */,
				1DAA0E8B1B09DE0500808AA3 /* fragment_itemget.xml */,
				1DAA0E8C1B09DE0500808AA3 /* fragment_login.xml */,
				1DAA0E8D1B09DE0500808AA3 /* fragment_news.xml */,
				1DAA0E8E1B09DE0500808AA3 /* fragment_setting.xml */,
				1DAA0E8F1B09DE0500808AA3 /* fragment_tutorial1.xml */,
				1DAA0E901B09DE0500808AA3 /* fragment_tutorial2.xml */,
				1DAA0E911B09DE0500808AA3 /* fragment_tutorial3.xml */,
				1DAA0E921B09DE0500808AA3 /* list_item_getlist_view.xml */,
				1DAA0E931B09DE0500808AA3 /* list_item_getlist_view_more.xml */,
				1DAA0E941B09DE0500808AA3 /* list_item_news_view.xml */,
				1DAA0E951B09DE0500808AA3 /* main_tutorial_view.xml */,
				1DAA0E961B09DE0500808AA3 /* spinner_dropdown_news_item.xml */,
				1DAA0E971B09DE0500808AA3 /* spinner_news_item.xml */,
			);
			path = layout;
			sourceTree = "<group>";
		};
		1DC059B41AEDDB4A00C0E1B4 = {
			isa = PBXGroup;
			children = (
				1DAA0E681B09DE0500808AA3 /* IMG */,
				1DC059BF1AEDDB4A00C0E1B4 /* ava */,
				1DC059D71AEDDB4B00C0E1B4 /* avaTests */,
				1DC059BE1AEDDB4A00C0E1B4 /* Products */,
			);
			sourceTree = "<group>";
		};
		1DC059BE1AEDDB4A00C0E1B4 /* Products */ = {
			isa = PBXGroup;
			children = (
				1DC059BD1AEDDB4A00C0E1B4 /* ava.app */,
				1DC059D41AEDDB4B00C0E1B4 /* avaTests.xctest */,
			);
			name = Products;
			sourceTree = "<group>";
		};
		1DC059BF1AEDDB4A00C0E1B4 /* ava */ = {
			isa = PBXGroup;
			children = (
				1DC059C81AEDDB4A00C0E1B4 /* Main.storyboard */,
				1D94C3791B0040C700CCE2B1 /* SettingTableViewController.swift */,
				1DC059C41AEDDB4A00C0E1B4 /* ItemgetViewController.swift */,
				1DA648F01AFB308500970B76 /* uselessCodes.swift */,
				1DB1B9041AF610E700F326E3 /* GetlistTableViewController.swift */,
				1D94C37B1B01B9EE00CCE2B1 /* HistoryTableViewCell.swift */,
				1D94C37D1B02127F00CCE2B1 /* avaNavigationViewController.swift */,
				1DB1B89C1AEF7AB300F326E3 /* LoginViewController.swift */,
				1DC059C21AEDDB4A00C0E1B4 /* AppDelegate.swift */,
				1DC059C01AEDDB4A00C0E1B4 /* Supporting Files */,
			);
			path = ava;
			sourceTree = "<group>";
		};
		1DC059C01AEDDB4A00C0E1B4 /* Supporting Files */ = {
			isa = PBXGroup;
			children = (
				1DB1B9001AF5EFBC00F326E3 /* LoginView.swift */,
				1DB1B9021AF606A800F326E3 /* GetlistViewController.swift */,
				1DB1B89E1AF5E96D00F326E3 /* GetlistView.swift */,
				1DC059C61AEDDB4A00C0E1B4 /* SecondViewController.swift */,
				1DB1B9061AF612A300F326E3 /* MyTableViewCell.swift */,
				1DC059CB1AEDDB4A00C0E1B4 /* Images.xcassets */,
				1DC059CD1AEDDB4A00C0E1B4 /* LaunchScreen.xib */,
				1DAA0F941B09DE3F00808AA3 /* SplashActivity.png */,
				1DC059C11AEDDB4A00C0E1B4 /* Info.plist */,
			);
			name = "Supporting Files";
			sourceTree = "<group>";
		};
		1DC059D71AEDDB4B00C0E1B4 /* avaTests */ = {
			isa = PBXGroup;
			children = (
				1DC059DA1AEDDB4B00C0E1B4 /* avaTests.swift */,
				1DC059D81AEDDB4B00C0E1B4 /* Supporting Files */,
			);
			path = avaTests;
			sourceTree = "<group>";
		};
		1DC059D81AEDDB4B00C0E1B4 /* Supporting Files */ = {
			isa = PBXGroup;
			children = (
				1DC059D91AEDDB4B00C0E1B4 /* Info.plist */,
			);
			name = "Supporting Files";
			sourceTree = "<group>";
		};
/* End PBXGroup section */

/* Begin PBXNativeTarget section */
		1DC059BC1AEDDB4A00C0E1B4 /* ava */ = {
			isa = PBXNativeTarget;
			buildConfigurationList = 1DC059DE1AEDDB4B00C0E1B4 /* Build configuration list for PBXNativeTarget "ava" */;
			buildPhases = (
				1DC059B91AEDDB4A00C0E1B4 /* Sources */,
				1DC059BA1AEDDB4A00C0E1B4 /* Frameworks */,
				1DC059BB1AEDDB4A00C0E1B4 /* Resources */,
			);
			buildRules = (
			);
			dependencies = (
			);
			name = ava;
			productName = ava;
			productReference = 1DC059BD1AEDDB4A00C0E1B4 /* ava.app */;
			productType = "com.apple.product-type.application";
		};
		1DC059D31AEDDB4B00C0E1B4 /* avaTests */ = {
			isa = PBXNativeTarget;
			buildConfigurationList = 1DC059E11AEDDB4B00C0E1B4 /* Build configuration list for PBXNativeTarget "avaTests" */;
			buildPhases = (
				1DC059D01AEDDB4B00C0E1B4 /* Sources */,
				1DC059D11AEDDB4B00C0E1B4 /* Frameworks */,
				1DC059D21AEDDB4B00C0E1B4 /* Resources */,
			);
			buildRules = (
			);
			dependencies = (
				1DC059D61AEDDB4B00C0E1B4 /* PBXTargetDependency */,
			);
			name = avaTests;
			productName = avaTests;
			productReference = 1DC059D41AEDDB4B00C0E1B4 /* avaTests.xctest */;
			productType = "com.apple.product-type.bundle.unit-test";
		};
/* End PBXNativeTarget section */

/* Begin PBXProject section */
		1DC059B51AEDDB4A00C0E1B4 /* Project object */ = {
			isa = PBXProject;
			attributes = {
				LastUpgradeCheck = 0630;
				ORGANIZATIONNAME = DevTeam;
				TargetAttributes = {
					1DC059BC1AEDDB4A00C0E1B4 = {
						CreatedOnToolsVersion = 6.3.1;
					};
					1DC059D31AEDDB4B00C0E1B4 = {
						CreatedOnToolsVersion = 6.3.1;
						TestTargetID = 1DC059BC1AEDDB4A00C0E1B4;
					};
				};
			};
			buildConfigurationList = 1DC059B81AEDDB4A00C0E1B4 /* Build configuration list for PBXProject "ava" */;
			compatibilityVersion = "Xcode 3.2";
			developmentRegion = English;
			hasScannedForEncodings = 0;
			knownRegions = (
				en,
				Base,
			);
			mainGroup = 1DC059B41AEDDB4A00C0E1B4;
			productRefGroup = 1DC059BE1AEDDB4A00C0E1B4 /* Products */;
			projectDirPath = "";
			projectRoot = "";
			targets = (
				1DC059BC1AEDDB4A00C0E1B4 /* ava */,
				1DC059D31AEDDB4B00C0E1B4 /* avaTests */,
			);
		};
/* End PBXProject section */

/* Begin PBXResourcesBuildPhase section */
		1DC059BB1AEDDB4A00C0E1B4 /* Resources */ = {
			isa = PBXResourcesBuildPhase;
			buildActionMask = 2147483647;
			files = (
				1DAA0F3D1B09DE0500808AA3 /* login_terms_btn.png in Resources */,
				1DAA0F191B09DE0500808AA3 /* activity_bonus.xml in Resources */,
				1DAA0F1E1B09DE0500808AA3 /* activity_title.xml in Resources */,
				1DAA0F861B09DE0500808AA3 /* splash_title.png in Resources */,
				1DAA0F6A1B09DE0500808AA3 /* popup_close.png in Resources */,
				1DAA0F3C1B09DE0500808AA3 /* login_input_pw_txt.png in Resources */,
				1DAA0F0E1B09DE0500808AA3 /* bonus_sub_title.png in Resources */,
				1DAA0F241B09DE0500808AA3 /* fragment_tutorial1.xml in Resources */,
				1DAA0F251B09DE0500808AA3 /* fragment_tutorial2.xml in Resources */,
				1DAA0F161B09DE0500808AA3 /* getlist_tap_type.png in Resources */,
				1DAA0F221B09DE0500808AA3 /* fragment_news.xml in Resources */,
				1DAA0F8A1B09DE0500808AA3 /* title_txt_main.png in Resources */,
				1DAA0F371B09DE0500808AA3 /* login_checkbox_on.png in Resources */,
				1DAA0F771B09DE0500808AA3 /* setting_myinfo_title.png in Resources */,
				1DAA0F011B09DE0500808AA3 /* bonus_box_a_normal.png in Resources */,
				1DC059CA1AEDDB4A00C0E1B4 /* Main.storyboard in Resources */,
				1DAA0F501B09DE0500808AA3 /* main_item_front_bg.png in Resources */,
				1DAA0F1C1B09DE0500808AA3 /* activity_popup.xml in Resources */,
				1DAA0F881B09DE0500808AA3 /* title_setting.png in Resources */,
				1DAA0F761B09DE0500808AA3 /* setting_myinfo_login_txt.png in Resources */,
				1DAA0F101B09DE0500808AA3 /* common_new.png in Resources */,
				1DAA0F651B09DE0500808AA3 /* news_list_update.png in Resources */,
				1DAA0F071B09DE0500808AA3 /* bonus_box_c_normal.png in Resources */,
				1DAA0F301B09DE0500808AA3 /* login_btn_pmangjoin.png in Resources */,
				1DAA0F901B09DE0500808AA3 /* tutorial_page2.png in Resources */,
				1DAA0F621B09DE0500808AA3 /* news_list_bullet.png in Resources */,
				1DAA0F5C1B09DE0500808AA3 /* menu_bg.png in Resources */,
				1DAA0F461B09DE0500808AA3 /* main_bonus_title.png in Resources */,
				1DAA0F811B09DE0500808AA3 /* splash_character.png in Resources */,
				1DAA0F5B1B09DE0500808AA3 /* menu_03_pressed.png in Resources */,
				1DAA0F6F1B09DE0500808AA3 /* setting_cell_on.png in Resources */,
				1DAA0F0D1B09DE0500808AA3 /* bonus_main_title.png in Resources */,
				1DAA0F731B09DE0500808AA3 /* setting_customerservice_terms_txt.png in Resources */,
				1DAA0F781B09DE0500808AA3 /* setting_notice_event_txt.png in Resources */,
				1DAA0F871B09DE0500808AA3 /* title_back.png in Resources */,
				1DAA0F4E1B09DE0500808AA3 /* main_item_effect_light.png in Resources */,
				1DAA0F2D1B09DE0500808AA3 /* login_btn_close.png in Resources */,
				1DAA0F0A1B09DE0500808AA3 /* bonus_item_light_effect1.png in Resources */,
				1DAA0F031B09DE0500808AA3 /* bonus_box_b_dimed.png in Resources */,
				1DAA0F471B09DE0500808AA3 /* main_bonus_today_icon_off.png in Resources */,
				1DAA0F931B09DE0500808AA3 /* tutorial_select_on.png in Resources */,
				1DAA0F1D1B09DE0500808AA3 /* activity_splash.xml in Resources */,
				1DAA0F351B09DE0500808AA3 /* login_checkbox_autologin_on.png in Resources */,
				1DAA0F0C1B09DE0500808AA3 /* bonus_item_line_effect.png in Resources */,
				1DAA0F201B09DE0500808AA3 /* fragment_itemget.xml in Resources */,
				1DAA0F2B1B09DE0500808AA3 /* spinner_dropdown_news_item.xml in Resources */,
				1DAA0F691B09DE0500808AA3 /* popup_btn_confirm_txt.png in Resources */,
				1DAA0F1F1B09DE0500808AA3 /* fragment_getlist.xml in Resources */,
				1DAA0F111B09DE0500808AA3 /* getlist_more.png in Resources */,
				1DAA0F891B09DE0500808AA3 /* title_txt_getlist.png in Resources */,
				1DAA0F711B09DE0500808AA3 /* setting_checkbox_on.png in Resources */,
				1DAA0F421B09DE0500808AA3 /* main_bonus_arrow_on.png in Resources */,
				1DAA0F131B09DE0500808AA3 /* getlist_nodata_txt.png in Resources */,
				1DAA0F5D1B09DE0500808AA3 /* menu_item_bg_pressed.png in Resources */,
				1DAA0F551B09DE0500808AA3 /* main_log_rewardget.png in Resources */,
				1DAA0F611B09DE0500808AA3 /* news_btn_news_detail.png in Resources */,
				1DAA0F801B09DE0500808AA3 /* splash_background.png in Resources */,
				1DC059CF1AEDDB4A00C0E1B4 /* LaunchScreen.xib in Resources */,
				1DAA0F521B09DE0500808AA3 /* main_log_nocharacter.png in Resources */,
				1DAA0F701B09DE0500808AA3 /* setting_checkbox_off.png in Resources */,
				1DAA0F231B09DE0500808AA3 /* fragment_setting.xml in Resources */,
				1DAA0F541B09DE0500808AA3 /* main_log_rewardcomplete.png in Resources */,
				1DAA0F481B09DE0500808AA3 /* main_bonus_today_icon_on.png in Resources */,
				1DAA0F3B1B09DE0500808AA3 /* login_input_id_txt.png in Resources */,
				1DAA0F4A1B09DE0500808AA3 /* main_item_bg.png in Resources */,
				1DAA0F581B09DE0500808AA3 /* menu_02_normal.png in Resources */,
				1DAA0F631B09DE0500808AA3 /* news_list_event.png in Resources */,
				1DAA0F061B09DE0500808AA3 /* bonus_box_c_dimed.png in Resources */,
				1DAA0F7A1B09DE0500808AA3 /* setting_notice_update_txt.png in Resources */,
				1DAA0F681B09DE0500808AA3 /* popup_btn_confirm_bg.9.png in Resources */,
				1DAA0F591B09DE0500808AA3 /* menu_02_pressed.png in Resources */,
				1DAA0F391B09DE0500808AA3 /* login_checkbox_terms_on.png in Resources */,
				1DAA0F361B09DE0500808AA3 /* login_checkbox_off.png in Resources */,
				1DAA0F2E1B09DE0500808AA3 /* login_btn_idfind.png in Resources */,
				1DAA0F271B09DE0500808AA3 /* list_item_getlist_view.xml in Resources */,
				1DAA0F321B09DE0500808AA3 /* login_checkbox_alarm_off.png in Resources */,
				1DAA0F841B09DE0500808AA3 /* splash_line.png in Resources */,
				1DAA0F081B09DE0500808AA3 /* bonus_box_c_pressed.png in Resources */,
				1DAA0F571B09DE0500808AA3 /* menu_01_pressed.png in Resources */,
				1DAA0F7D1B09DE0500808AA3 /* setting_version_new_txt.png in Resources */,
				1DAA0F5F1B09DE0500808AA3 /* news_btn_more.png in Resources */,
				1DAA0F021B09DE0500808AA3 /* bonus_box_a_pressed.png in Resources */,
				1DAA0F2F1B09DE0500808AA3 /* login_btn_login.png in Resources */,
				1DAA0F3F1B09DE0500808AA3 /* login_title.png in Resources */,
				1DAA0F401B09DE0500808AA3 /* main_background.png in Resources */,
				1DAA0F641B09DE0500808AA3 /* news_list_total.png in Resources */,
				1DAA0F1B1B09DE0500808AA3 /* activity_menu.xml in Resources */,
				1DAA0F791B09DE0500808AA3 /* setting_notice_title.png in Resources */,
				1DAA0F2A1B09DE0500808AA3 /* main_tutorial_view.xml in Resources */,
				1DAA0F411B09DE0500808AA3 /* main_bonus_arrow_off.png in Resources */,
				1DAA0F341B09DE0500808AA3 /* login_checkbox_autologin_off.png in Resources */,
				1DAA0F311B09DE0500808AA3 /* login_btn_pwfind.png in Resources */,
				1DAA0F561B09DE0500808AA3 /* menu_01_normal.png in Resources */,
				1DAA0F261B09DE0500808AA3 /* fragment_tutorial3.xml in Resources */,
				1DAA0F721B09DE0500808AA3 /* setting_customerservice_customercenter_txt.png in Resources */,
				1DAA0F6B1B09DE0500808AA3 /* popup_invisible_line.png in Resources */,
				1DAA0F4B1B09DE0500808AA3 /* main_item_bt_bg_normal.png in Resources */,
				1DAA0F331B09DE0500808AA3 /* login_checkbox_alarm_on.png in Resources */,
				1DAA0F821B09DE0500808AA3 /* splash_footer_neowizgames.png in Resources */,
				1DAA0F121B09DE0500808AA3 /* getlist_nodata_img.png in Resources */,
				1DAA0F381B09DE0500808AA3 /* login_checkbox_terms_off.png in Resources */,
				1DAA0F921B09DE0500808AA3 /* tutorial_select_off.png in Resources */,
				1DAA0F451B09DE0500808AA3 /* main_bonus_icon_on.png in Resources */,
				1DAA0F831B09DE0500808AA3 /* splash_footer_redduck.png in Resources */,
				1DAA0F6E1B09DE0500808AA3 /* setting_cell_off.png in Resources */,
				1DAA0F1A1B09DE0500808AA3 /* activity_main.xml in Resources */,
				1DAA0F7E1B09DE0500808AA3 /* setting_version_old.png in Resources */,
				1DAA0F601B09DE0500808AA3 /* news_btn_news_delete.png in Resources */,
				1DAA0F4D1B09DE0500808AA3 /* main_item_effect_glow.png in Resources */,
				1DAA0F281B09DE0500808AA3 /* list_item_getlist_view_more.xml in Resources */,
				1DAA0F531B09DE0500808AA3 /* main_log_out.png in Resources */,
				1DAA0F181B09DE0500808AA3 /* ic_launcher.png in Resources */,
				1DAA0F741B09DE0500808AA3 /* setting_customerservice_title.png in Resources */,
				1DAA0F431B09DE0500808AA3 /* main_bonus_desc.png in Resources */,
				1DAA0F0B1B09DE0500808AA3 /* bonus_item_light_effect2.png in Resources */,
				1DAA0F8D1B09DE0500808AA3 /* tutorial_close_bt.png in Resources */,
				1DAA0F211B09DE0500808AA3 /* fragment_login.xml in Resources */,
				1DAA0F041B09DE0500808AA3 /* bonus_box_b_normal.png in Resources */,
				1DAA0F911B09DE0500808AA3 /* tutorial_page3.png in Resources */,
				1DAA0F3A1B09DE0500808AA3 /* login_input_bg.png in Resources */,
				1DAA0F3E1B09DE0500808AA3 /* login_terms_txt.png in Resources */,
				1DAA0F7F1B09DE0500808AA3 /* setting_version_old_txt.png in Resources */,
				1DAA0F8F1B09DE0500808AA3 /* tutorial_page1.png in Resources */,
				1DAA0F2C1B09DE0500808AA3 /* spinner_news_item.xml in Resources */,
				1DAA0F141B09DE0500808AA3 /* getlist_tap_date.png in Resources */,
				1DAA0F441B09DE0500808AA3 /* main_bonus_icon_off.png in Resources */,
				1DAA0EFF1B09DE0500808AA3 /* bonus_bg.png in Resources */,
				1DAA0F151B09DE0500808AA3 /* getlist_tap_getitem.png in Resources */,
				1DAA0F6D1B09DE0500808AA3 /* setting_btn_logout.png in Resources */,
				1DAA0F091B09DE0500808AA3 /* bonus_item_dimed.png in Resources */,
				1DAA0F6C1B09DE0500808AA3 /* setting_btn_login.png in Resources */,
				1DAA0F4C1B09DE0500808AA3 /* main_item_bt_bg_pressed.png in Resources */,
				1DAA0F851B09DE0500808AA3 /* splash_patternbackground.png in Resources */,
				1DAA0F951B09DE3F00808AA3 /* SplashActivity.png in Resources */,
				1DAA0F5E1B09DE0500808AA3 /* news_btn_all_news_delete.png in Resources */,
				1DAA0F291B09DE0500808AA3 /* list_item_news_view.xml in Resources */,
				1DAA0F0F1B09DE0500808AA3 /* bonus_sub_title_complete.png in Resources */,
				1DAA0F8B1B09DE0500808AA3 /* title_txt_news.png in Resources */,
				1DAA0F5A1B09DE0500808AA3 /* menu_03_normal.png in Resources */,
				1DAA0F491B09DE0500808AA3 /* main_item_back_bg.png in Resources */,
				1DAA0F7B1B09DE0500808AA3 /* setting_version_icon.png in Resources */,
				1DAA0F051B09DE0500808AA3 /* bonus_box_b_pressed.png in Resources */,
				1DAA0F4F1B09DE0500808AA3 /* main_item_effect_star.png in Resources */,
				1DAA0F661B09DE0500808AA3 /* news_nodata_img.png in Resources */,
				1DAA0F8E1B09DE0500808AA3 /* tutorial_close_txt.png in Resources */,
				1DAA0F8C1B09DE0500808AA3 /* title_txt_setting.png in Resources */,
				1DAA0F751B09DE0500808AA3 /* setting_customerservice_version_txt.png in Resources */,
				1DAA0F671B09DE0500808AA3 /* popup_bg.png in Resources */,
				1DAA0F7C1B09DE0500808AA3 /* setting_version_new.png in Resources */,
				1DAA0F001B09DE0500808AA3 /* bonus_box_a_dimed.png in Resources */,
				1DC059CC1AEDDB4A00C0E1B4 /* Images.xcassets in Resources */,
				1DAA0F171B09DE0500808AA3 /* ic_launcher 2.png in Resources */,
				1DAA0F511B09DE0500808AA3 /* main_item_sample.png in Resources */,
			);
			runOnlyForDeploymentPostprocessing = 0;
		};
		1DC059D21AEDDB4B00C0E1B4 /* Resources */ = {
			isa = PBXResourcesBuildPhase;
			buildActionMask = 2147483647;
			files = (
			);
			runOnlyForDeploymentPostprocessing = 0;
		};
/* End PBXResourcesBuildPhase section */

/* Begin PBXSourcesBuildPhase section */
		1DC059B91AEDDB4A00C0E1B4 /* Sources */ = {
			isa = PBXSourcesBuildPhase;
			buildActionMask = 2147483647;
			files = (
				1DB1B89D1AEF7AB300F326E3 /* LoginViewController.swift in Sources */,
				1DB1B9031AF606A800F326E3 /* GetlistViewController.swift in Sources */,
				1DB1B9051AF610E700F326E3 /* GetlistTableViewController.swift in Sources */,
				1DB1B9071AF612A300F326E3 /* MyTableViewCell.swift in Sources */,
				1DC059C71AEDDB4A00C0E1B4 /* SecondViewController.swift in Sources */,
				1DB1B89F1AF5E96D00F326E3 /* GetlistView.swift in Sources */,
				1D94C37C1B01B9EE00CCE2B1 /* HistoryTableViewCell.swift in Sources */,
				1D94C37E1B02127F00CCE2B1 /* avaNavigationViewController.swift in Sources */,
				1DA648F11AFB308500970B76 /* uselessCodes.swift in Sources */,
				1D94C37A1B0040C700CCE2B1 /* SettingTableViewController.swift in Sources */,
				1DC059C31AEDDB4A00C0E1B4 /* AppDelegate.swift in Sources */,
				1DC059C51AEDDB4A00C0E1B4 /* ItemgetViewController.swift in Sources */,
				1DB1B9011AF5EFBC00F326E3 /* LoginView.swift in Sources */,
			);
			runOnlyForDeploymentPostprocessing = 0;
		};
		1DC059D01AEDDB4B00C0E1B4 /* Sources */ = {
			isa = PBXSourcesBuildPhase;
			buildActionMask = 2147483647;
			files = (
				1DC059DB1AEDDB4B00C0E1B4 /* avaTests.swift in Sources */,
			);
			runOnlyForDeploymentPostprocessing = 0;
		};
/* End PBXSourcesBuildPhase section */

/* Begin PBXTargetDependency section */
		1DC059D61AEDDB4B00C0E1B4 /* PBXTargetDependency */ = {
			isa = PBXTargetDependency;
			target = 1DC059BC1AEDDB4A00C0E1B4 /* ava */;
			targetProxy = 1DC059D51AEDDB4B00C0E1B4 /* PBXContainerItemProxy */;
		};
/* End PBXTargetDependency section */

/* Begin PBXVariantGroup section */
		1DC059C81AEDDB4A00C0E1B4 /* Main.storyboard */ = {
			isa = PBXVariantGroup;
			children = (
				1DC059C91AEDDB4A00C0E1B4 /* Base */,
			);
			name = Main.storyboard;
			sourceTree = "<group>";
		};
		1DC059CD1AEDDB4A00C0E1B4 /* LaunchScreen.xib */ = {
			isa = PBXVariantGroup;
			children = (
				1DC059CE1AEDDB4A00C0E1B4 /* Base */,
			);
			name = LaunchScreen.xib;
			sourceTree = "<group>";
		};
/* End PBXVariantGroup section */

/* Begin XCBuildConfiguration section */
		1DC059DC1AEDDB4B00C0E1B4 /* Debug */ = {
			isa = XCBuildConfiguration;
			buildSettings = {
				ALWAYS_SEARCH_USER_PATHS = NO;
				CLANG_CXX_LANGUAGE_STANDARD = "gnu++0x";
				CLANG_CXX_LIBRARY = "libc++";
				CLANG_ENABLE_MODULES = YES;
				CLANG_ENABLE_OBJC_ARC = YES;
				CLANG_WARN_BOOL_CONVERSION = YES;
				CLANG_WARN_CONSTANT_CONVERSION = YES;
				CLANG_WARN_DIRECT_OBJC_ISA_USAGE = YES_ERROR;
				CLANG_WARN_EMPTY_BODY = YES;
				CLANG_WARN_ENUM_CONVERSION = YES;
				CLANG_WARN_INT_CONVERSION = YES;
				CLANG_WARN_OBJC_ROOT_CLASS = YES_ERROR;
				CLANG_WARN_UNREACHABLE_CODE = YES;
				CLANG_WARN__DUPLICATE_METHOD_MATCH = YES;
				"CODE_SIGN_IDENTITY[sdk=iphoneos*]" = "iPhone Developer";
				COPY_PHASE_STRIP = NO;
				DEBUG_INFORMATION_FORMAT = "dwarf-with-dsym";
				ENABLE_STRICT_OBJC_MSGSEND = YES;
				GCC_C_LANGUAGE_STANDARD = gnu99;
				GCC_DYNAMIC_NO_PIC = NO;
				GCC_NO_COMMON_BLOCKS = YES;
				GCC_OPTIMIZATION_LEVEL = 0;
				GCC_PREPROCESSOR_DEFINITIONS = (
					"DEBUG=1",
					"$(inherited)",
				);
				GCC_SYMBOLS_PRIVATE_EXTERN = NO;
				GCC_WARN_64_TO_32_BIT_CONVERSION = YES;
				GCC_WARN_ABOUT_RETURN_TYPE = YES_ERROR;
				GCC_WARN_UNDECLARED_SELECTOR = YES;
				GCC_WARN_UNINITIALIZED_AUTOS = YES_AGGRESSIVE;
				GCC_WARN_UNUSED_FUNCTION = YES;
				GCC_WARN_UNUSED_VARIABLE = YES;
				IPHONEOS_DEPLOYMENT_TARGET = 8.3;
				MTL_ENABLE_DEBUG_INFO = YES;
				ONLY_ACTIVE_ARCH = YES;
				SDKROOT = iphoneos;
				SWIFT_OPTIMIZATION_LEVEL = "-Onone";
			};
			name = Debug;
		};
		1DC059DD1AEDDB4B00C0E1B4 /* Release */ = {
			isa = XCBuildConfiguration;
			buildSettings = {
				ALWAYS_SEARCH_USER_PATHS = NO;
				CLANG_CXX_LANGUAGE_STANDARD = "gnu++0x";
				CLANG_CXX_LIBRARY = "libc++";
				CLANG_ENABLE_MODULES = YES;
				CLANG_ENABLE_OBJC_ARC = YES;
				CLANG_WARN_BOOL_CONVERSION = YES;
				CLANG_WARN_CONSTANT_CONVERSION = YES;
				CLANG_WARN_DIRECT_OBJC_ISA_USAGE = YES_ERROR;
				CLANG_WARN_EMPTY_BODY = YES;
				CLANG_WARN_ENUM_CONVERSION = YES;
				CLANG_WARN_INT_CONVERSION = YES;
				CLANG_WARN_OBJC_ROOT_CLASS = YES_ERROR;
				CLANG_WARN_UNREACHABLE_CODE = YES;
				CLANG_WARN__DUPLICATE_METHOD_MATCH = YES;
				"CODE_SIGN_IDENTITY[sdk=iphoneos*]" = "iPhone Developer";
				COPY_PHASE_STRIP = NO;
				DEBUG_INFORMATION_FORMAT = "dwarf-with-dsym";
				ENABLE_NS_ASSERTIONS = NO;
				ENABLE_STRICT_OBJC_MSGSEND = YES;
				GCC_C_LANGUAGE_STANDARD = gnu99;
				GCC_NO_COMMON_BLOCKS = YES;
				GCC_WARN_64_TO_32_BIT_CONVERSION = YES;
				GCC_WARN_ABOUT_RETURN_TYPE = YES_ERROR;
				GCC_WARN_UNDECLARED_SELECTOR = YES;
				GCC_WARN_UNINITIALIZED_AUTOS = YES_AGGRESSIVE;
				GCC_WARN_UNUSED_FUNCTION = YES;
				GCC_WARN_UNUSED_VARIABLE = YES;
				IPHONEOS_DEPLOYMENT_TARGET = 8.3;
				MTL_ENABLE_DEBUG_INFO = NO;
				SDKROOT = iphoneos;
				VALIDATE_PRODUCT = YES;
			};
			name = Release;
		};
		1DC059DF1AEDDB4B00C0E1B4 /* Debug */ = {
			isa = XCBuildConfiguration;
			buildSettings = {
				ASSETCATALOG_COMPILER_APPICON_NAME = AppIcon;
				INFOPLIST_FILE = ava/Info.plist;
				LD_RUNPATH_SEARCH_PATHS = "$(inherited) @executable_path/Frameworks";
				PRODUCT_NAME = "$(TARGET_NAME)";
			};
			name = Debug;
		};
		1DC059E01AEDDB4B00C0E1B4 /* Release */ = {
			isa = XCBuildConfiguration;
			buildSettings = {
				ASSETCATALOG_COMPILER_APPICON_NAME = AppIcon;
				INFOPLIST_FILE = ava/Info.plist;
				LD_RUNPATH_SEARCH_PATHS = "$(inherited) @executable_path/Frameworks";
				PRODUCT_NAME = "$(TARGET_NAME)";
			};
			name = Release;
		};
		1DC059E21AEDDB4B00C0E1B4 /* Debug */ = {
			isa = XCBuildConfiguration;
			buildSettings = {
				BUNDLE_LOADER = "$(TEST_HOST)";
				FRAMEWORK_SEARCH_PATHS = (
					"$(SDKROOT)/Developer/Library/Frameworks",
					"$(inherited)",
				);
				GCC_PREPROCESSOR_DEFINITIONS = (
					"DEBUG=1",
					"$(inherited)",
				);
				INFOPLIST_FILE = avaTests/Info.plist;
				LD_RUNPATH_SEARCH_PATHS = "$(inherited) @executable_path/Frameworks @loader_path/Frameworks";
				PRODUCT_NAME = "$(TARGET_NAME)";
				TEST_HOST = "$(BUILT_PRODUCTS_DIR)/ava.app/ava";
			};
			name = Debug;
		};
		1DC059E31AEDDB4B00C0E1B4 /* Release */ = {
			isa = XCBuildConfiguration;
			buildSettings = {
				BUNDLE_LOADER = "$(TEST_HOST)";
				FRAMEWORK_SEARCH_PATHS = (
					"$(SDKROOT)/Developer/Library/Frameworks",
					"$(inherited)",
				);
				INFOPLIST_FILE = avaTests/Info.plist;
				LD_RUNPATH_SEARCH_PATHS = "$(inherited) @executable_path/Frameworks @loader_path/Frameworks";
				PRODUCT_NAME = "$(TARGET_NAME)";
				TEST_HOST = "$(BUILT_PRODUCTS_DIR)/ava.app/ava";
			};
			name = Release;
		};
/* End XCBuildConfiguration section */

/* Begin XCConfigurationList section */
		1DC059B81AEDDB4A00C0E1B4 /* Build configuration list for PBXProject "ava" */ = {
			isa = XCConfigurationList;
			buildConfigurations = (
				1DC059DC1AEDDB4B00C0E1B4 /* Debug */,
				1DC059DD1AEDDB4B00C0E1B4 /* Release */,
			);
			defaultConfigurationIsVisible = 0;
			defaultConfigurationName = Release;
		};
		1DC059DE1AEDDB4B00C0E1B4 /* Build configuration list for PBXNativeTarget "ava" */ = {
			isa = XCConfigurationList;
			buildConfigurations = (
				1DC059DF1AEDDB4B00C0E1B4 /* Debug */,
				1DC059E01AEDDB4B00C0E1B4 /* Release */,
			);
			defaultConfigurationIsVisible = 0;
			defaultConfigurationName = Release;
		};
		1DC059E11AEDDB4B00C0E1B4 /* Build configuration list for PBXNativeTarget "avaTests" */ = {
			isa = XCConfigurationList;
			buildConfigurations = (
				1DC059E21AEDDB4B00C0E1B4 /* Debug */,
				1DC059E31AEDDB4B00C0E1B4 /* Release */,
			);
			defaultConfigurationIsVisible = 0;
			defaultConfigurationName = Release;
		};
/* End XCConfigurationList section */
	};
	rootObject = 1DC059B51AEDDB4A00C0E1B4 /* Project object */;
}
